// !$*UTF8*$!
{
	archiveVersion = 1;
	classes = {
	};
	objectVersion = 48;
	objects = {

/* Begin PBXBuildFile section */
		D894522A207A4F400014BC83 /* AudioPlayer.swift in Sources */ = {isa = PBXBuildFile; fileRef = D8945224207A4F400014BC83 /* AudioPlayer.swift */; };
		D894522B207A4F400014BC83 /* Recorder.swift in Sources */ = {isa = PBXBuildFile; fileRef = D8945225207A4F400014BC83 /* Recorder.swift */; };
		D894522C207A4F400014BC83 /* Music.swift in Sources */ = {isa = PBXBuildFile; fileRef = D8945226207A4F400014BC83 /* Music.swift */; };
		D894522D207A4F400014BC83 /* AudioWrapper.m in Sources */ = {isa = PBXBuildFile; fileRef = D8945229207A4F400014BC83 /* AudioWrapper.m */; };
		D8945231207A4FA50014BC83 /* libmp3lame.a in Frameworks */ = {isa = PBXBuildFile; fileRef = D894522F207A4FA50014BC83 /* libmp3lame.a */; };
		D8945233207A51150014BC83 /* common.swift in Sources */ = {isa = PBXBuildFile; fileRef = D8945232207A51150014BC83 /* common.swift */; };
		D8C00B3320736C95006ED965 /* AppDelegate.swift in Sources */ = {isa = PBXBuildFile; fileRef = D8C00B3220736C95006ED965 /* AppDelegate.swift */; };
		D8C00B3520736C95006ED965 /* ViewController.swift in Sources */ = {isa = PBXBuildFile; fileRef = D8C00B3420736C95006ED965 /* ViewController.swift */; };
		D8C00B3820736C95006ED965 /* Main.storyboard in Resources */ = {isa = PBXBuildFile; fileRef = D8C00B3620736C95006ED965 /* Main.storyboard */; };
		D8C00B3A20736C95006ED965 /* Assets.xcassets in Resources */ = {isa = PBXBuildFile; fileRef = D8C00B3920736C95006ED965 /* Assets.xcassets */; };
		D8C00B3D20736C95006ED965 /* LaunchScreen.storyboard in Resources */ = {isa = PBXBuildFile; fileRef = D8C00B3B20736C95006ED965 /* LaunchScreen.storyboard */; };
		D8C00B4820736C95006ED965 /* WebViewJavaScriptBridgeFrameWorkTests.swift in Sources */ = {isa = PBXBuildFile; fileRef = D8C00B4720736C95006ED965 /* WebViewJavaScriptBridgeFrameWorkTests.swift */; };
		D8C00B5320736C95006ED965 /* WebViewJavaScriptBridgeFrameWorkUITests.swift in Sources */ = {isa = PBXBuildFile; fileRef = D8C00B5220736C95006ED965 /* WebViewJavaScriptBridgeFrameWorkUITests.swift */; };
		D8C00B7120736CC3006ED965 /* WebViewJavaScriptBridgeFrameWorkBaseViewController.swift in Sources */ = {isa = PBXBuildFile; fileRef = D8C00B6620736CC3006ED965 /* WebViewJavaScriptBridgeFrameWorkBaseViewController.swift */; };
		D8C00B7220736CC3006ED965 /* WebViewJavaScriptBridgeFrameWorkHomeViewController.swift in Sources */ = {isa = PBXBuildFile; fileRef = D8C00B6720736CC3006ED965 /* WebViewJavaScriptBridgeFrameWorkHomeViewController.swift */; };
		D8C00B7320736CC3006ED965 /* WebViewJavascriptBridge.m in Sources */ = {isa = PBXBuildFile; fileRef = D8C00B6A20736CC3006ED965 /* WebViewJavascriptBridge.m */; };
		D8C00B7420736CC3006ED965 /* WebViewJavascriptBridge_JS.m in Sources */ = {isa = PBXBuildFile; fileRef = D8C00B6C20736CC3006ED965 /* WebViewJavascriptBridge_JS.m */; };
		D8C00B7520736CC3006ED965 /* WebViewJavascriptBridgeBase.m in Sources */ = {isa = PBXBuildFile; fileRef = D8C00B6E20736CC3006ED965 /* WebViewJavascriptBridgeBase.m */; };
		D8C00B7620736CC3006ED965 /* WKWebViewJavascriptBridge.m in Sources */ = {isa = PBXBuildFile; fileRef = D8C00B7020736CC3006ED965 /* WKWebViewJavascriptBridge.m */; };
		D8C00B7820737D21006ED965 /* WebViewJavaScriptBridgeFrameWorkSubViewController.swift in Sources */ = {isa = PBXBuildFile; fileRef = D8C00B7720737D21006ED965 /* WebViewJavaScriptBridgeFrameWorkSubViewController.swift */; };
/* End PBXBuildFile section */

/* Begin PBXContainerItemProxy section */
		D8C00B4420736C95006ED965 /* PBXContainerItemProxy */ = {
			isa = PBXContainerItemProxy;
			containerPortal = D8C00B2720736C95006ED965 /* Project object */;
			proxyType = 1;
			remoteGlobalIDString = D8C00B2E20736C95006ED965;
			remoteInfo = WebViewJavaScriptBridgeFrameWork;
		};
		D8C00B4F20736C95006ED965 /* PBXContainerItemProxy */ = {
			isa = PBXContainerItemProxy;
			containerPortal = D8C00B2720736C95006ED965 /* Project object */;
			proxyType = 1;
			remoteGlobalIDString = D8C00B2E20736C95006ED965;
			remoteInfo = WebViewJavaScriptBridgeFrameWork;
		};
/* End PBXContainerItemProxy section */

/* Begin PBXFileReference section */
		D8945224207A4F400014BC83 /* AudioPlayer.swift */ = {isa = PBXFileReference; fileEncoding = 4; lastKnownFileType = sourcecode.swift; path = AudioPlayer.swift; sourceTree = "<group>"; };
		D8945225207A4F400014BC83 /* Recorder.swift */ = {isa = PBXFileReference; fileEncoding = 4; lastKnownFileType = sourcecode.swift; path = Recorder.swift; sourceTree = "<group>"; };
		D8945226207A4F400014BC83 /* Music.swift */ = {isa = PBXFileReference; fileEncoding = 4; lastKnownFileType = sourcecode.swift; path = Music.swift; sourceTree = "<group>"; };
		D8945228207A4F400014BC83 /* AudioWrapper.h */ = {isa = PBXFileReference; fileEncoding = 4; lastKnownFileType = sourcecode.c.h; path = AudioWrapper.h; sourceTree = "<group>"; };
		D8945229207A4F400014BC83 /* AudioWrapper.m */ = {isa = PBXFileReference; fileEncoding = 4; lastKnownFileType = sourcecode.c.objc; path = AudioWrapper.m; sourceTree = "<group>"; };
		D894522F207A4FA50014BC83 /* libmp3lame.a */ = {isa = PBXFileReference; lastKnownFileType = archive.ar; path = libmp3lame.a; sourceTree = "<group>"; };
		D8945230207A4FA50014BC83 /* lame.h */ = {isa = PBXFileReference; fileEncoding = 4; lastKnownFileType = sourcecode.c.h; path = lame.h; sourceTree = "<group>"; };
		D8945232207A51150014BC83 /* common.swift */ = {isa = PBXFileReference; lastKnownFileType = sourcecode.swift; path = common.swift; sourceTree = "<group>"; };
		D8C00B2F20736C95006ED965 /* WebViewJavaScriptBridgeFrameWork.app */ = {isa = PBXFileReference; explicitFileType = wrapper.application; includeInIndex = 0; path = WebViewJavaScriptBridgeFrameWork.app; sourceTree = BUILT_PRODUCTS_DIR; };
		D8C00B3220736C95006ED965 /* AppDelegate.swift */ = {isa = PBXFileReference; lastKnownFileType = sourcecode.swift; path = AppDelegate.swift; sourceTree = "<group>"; };
		D8C00B3420736C95006ED965 /* ViewController.swift */ = {isa = PBXFileReference; lastKnownFileType = sourcecode.swift; path = ViewController.swift; sourceTree = "<group>"; };
		D8C00B3720736C95006ED965 /* Base */ = {isa = PBXFileReference; lastKnownFileType = file.storyboard; name = Base; path = Base.lproj/Main.storyboard; sourceTree = "<group>"; };
		D8C00B3920736C95006ED965 /* Assets.xcassets */ = {isa = PBXFileReference; lastKnownFileType = folder.assetcatalog; path = Assets.xcassets; sourceTree = "<group>"; };
		D8C00B3C20736C95006ED965 /* Base */ = {isa = PBXFileReference; lastKnownFileType = file.storyboard; name = Base; path = Base.lproj/LaunchScreen.storyboard; sourceTree = "<group>"; };
		D8C00B3E20736C95006ED965 /* Info.plist */ = {isa = PBXFileReference; lastKnownFileType = text.plist.xml; path = Info.plist; sourceTree = "<group>"; };
		D8C00B4320736C95006ED965 /* WebViewJavaScriptBridgeFrameWorkTests.xctest */ = {isa = PBXFileReference; explicitFileType = wrapper.cfbundle; includeInIndex = 0; path = WebViewJavaScriptBridgeFrameWorkTests.xctest; sourceTree = BUILT_PRODUCTS_DIR; };
		D8C00B4720736C95006ED965 /* WebViewJavaScriptBridgeFrameWorkTests.swift */ = {isa = PBXFileReference; lastKnownFileType = sourcecode.swift; path = WebViewJavaScriptBridgeFrameWorkTests.swift; sourceTree = "<group>"; };
		D8C00B4920736C95006ED965 /* Info.plist */ = {isa = PBXFileReference; lastKnownFileType = text.plist.xml; path = Info.plist; sourceTree = "<group>"; };
		D8C00B4E20736C95006ED965 /* WebViewJavaScriptBridgeFrameWorkUITests.xctest */ = {isa = PBXFileReference; explicitFileType = wrapper.cfbundle; includeInIndex = 0; path = WebViewJavaScriptBridgeFrameWorkUITests.xctest; sourceTree = BUILT_PRODUCTS_DIR; };
		D8C00B5220736C95006ED965 /* WebViewJavaScriptBridgeFrameWorkUITests.swift */ = {isa = PBXFileReference; lastKnownFileType = sourcecode.swift; path = WebViewJavaScriptBridgeFrameWorkUITests.swift; sourceTree = "<group>"; };
		D8C00B5420736C95006ED965 /* Info.plist */ = {isa = PBXFileReference; lastKnownFileType = text.plist.xml; path = Info.plist; sourceTree = "<group>"; };
		D8C00B6020736CA4006ED965 /* WebViewJavaScriptBridgeFrameWork-Bridging-Header.h */ = {isa = PBXFileReference; lastKnownFileType = sourcecode.c.h; path = "WebViewJavaScriptBridgeFrameWork-Bridging-Header.h"; sourceTree = "<group>"; };
		D8C00B6620736CC3006ED965 /* WebViewJavaScriptBridgeFrameWorkBaseViewController.swift */ = {isa = PBXFileReference; fileEncoding = 4; lastKnownFileType = sourcecode.swift; path = WebViewJavaScriptBridgeFrameWorkBaseViewController.swift; sourceTree = "<group>"; };
		D8C00B6720736CC3006ED965 /* WebViewJavaScriptBridgeFrameWorkHomeViewController.swift */ = {isa = PBXFileReference; fileEncoding = 4; lastKnownFileType = sourcecode.swift; path = WebViewJavaScriptBridgeFrameWorkHomeViewController.swift; sourceTree = "<group>"; };
		D8C00B6920736CC3006ED965 /* WebViewJavascriptBridge.h */ = {isa = PBXFileReference; fileEncoding = 4; lastKnownFileType = sourcecode.c.h; path = WebViewJavascriptBridge.h; sourceTree = "<group>"; };
		D8C00B6A20736CC3006ED965 /* WebViewJavascriptBridge.m */ = {isa = PBXFileReference; fileEncoding = 4; lastKnownFileType = sourcecode.c.objc; path = WebViewJavascriptBridge.m; sourceTree = "<group>"; };
		D8C00B6B20736CC3006ED965 /* WebViewJavascriptBridge_JS.h */ = {isa = PBXFileReference; fileEncoding = 4; lastKnownFileType = sourcecode.c.h; path = WebViewJavascriptBridge_JS.h; sourceTree = "<group>"; };
		D8C00B6C20736CC3006ED965 /* WebViewJavascriptBridge_JS.m */ = {isa = PBXFileReference; fileEncoding = 4; lastKnownFileType = sourcecode.c.objc; path = WebViewJavascriptBridge_JS.m; sourceTree = "<group>"; };
		D8C00B6D20736CC3006ED965 /* WebViewJavascriptBridgeBase.h */ = {isa = PBXFileReference; fileEncoding = 4; lastKnownFileType = sourcecode.c.h; path = WebViewJavascriptBridgeBase.h; sourceTree = "<group>"; };
		D8C00B6E20736CC3006ED965 /* WebViewJavascriptBridgeBase.m */ = {isa = PBXFileReference; fileEncoding = 4; lastKnownFileType = sourcecode.c.objc; path = WebViewJavascriptBridgeBase.m; sourceTree = "<group>"; };
		D8C00B6F20736CC3006ED965 /* WKWebViewJavascriptBridge.h */ = {isa = PBXFileReference; fileEncoding = 4; lastKnownFileType = sourcecode.c.h; path = WKWebViewJavascriptBridge.h; sourceTree = "<group>"; };
		D8C00B7020736CC3006ED965 /* WKWebViewJavascriptBridge.m */ = {isa = PBXFileReference; fileEncoding = 4; lastKnownFileType = sourcecode.c.objc; path = WKWebViewJavascriptBridge.m; sourceTree = "<group>"; };
		D8C00B7720737D21006ED965 /* WebViewJavaScriptBridgeFrameWorkSubViewController.swift */ = {isa = PBXFileReference; lastKnownFileType = sourcecode.swift; path = WebViewJavaScriptBridgeFrameWorkSubViewController.swift; sourceTree = "<group>"; };
/* End PBXFileReference section */

/* Begin PBXFrameworksBuildPhase section */
		D8C00B2C20736C95006ED965 /* Frameworks */ = {
			isa = PBXFrameworksBuildPhase;
			buildActionMask = 2147483647;
			files = (
				D8945231207A4FA50014BC83 /* libmp3lame.a in Frameworks */,
			);
			runOnlyForDeploymentPostprocessing = 0;
		};
		D8C00B4020736C95006ED965 /* Frameworks */ = {
			isa = PBXFrameworksBuildPhase;
			buildActionMask = 2147483647;
			files = (
			);
			runOnlyForDeploymentPostprocessing = 0;
		};
		D8C00B4B20736C95006ED965 /* Frameworks */ = {
			isa = PBXFrameworksBuildPhase;
			buildActionMask = 2147483647;
			files = (
			);
			runOnlyForDeploymentPostprocessing = 0;
		};
/* End PBXFrameworksBuildPhase section */

/* Begin PBXGroup section */
		D8945223207A4F400014BC83 /* Public */ = {
			isa = PBXGroup;
			children = (
				D8945232207A51150014BC83 /* common.swift */,
				D8945224207A4F400014BC83 /* AudioPlayer.swift */,
				D8945225207A4F400014BC83 /* Recorder.swift */,
				D8945226207A4F400014BC83 /* Music.swift */,
				D8945227207A4F400014BC83 /* AudioWrapper */,
			);
			path = Public;
			sourceTree = "<group>";
		};
		D8945227207A4F400014BC83 /* AudioWrapper */ = {
			isa = PBXGroup;
			children = (
				D8945228207A4F400014BC83 /* AudioWrapper.h */,
				D8945229207A4F400014BC83 /* AudioWrapper.m */,
			);
			path = AudioWrapper;
			sourceTree = "<group>";
		};
		D894522E207A4FA50014BC83 /* lame */ = {
			isa = PBXGroup;
			children = (
				D894522F207A4FA50014BC83 /* libmp3lame.a */,
				D8945230207A4FA50014BC83 /* lame.h */,
			);
			name = lame;
			path = Public/lame;
			sourceTree = "<group>";
		};
		D8C00B2620736C95006ED965 = {
			isa = PBXGroup;
			children = (
				D8C00B3120736C95006ED965 /* WebViewJavaScriptBridgeFrameWork */,
				D8C00B4620736C95006ED965 /* WebViewJavaScriptBridgeFrameWorkTests */,
				D8C00B5120736C95006ED965 /* WebViewJavaScriptBridgeFrameWorkUITests */,
				D8C00B3020736C95006ED965 /* Products */,
			);
			sourceTree = "<group>";
		};
		D8C00B3020736C95006ED965 /* Products */ = {
			isa = PBXGroup;
			children = (
				D8C00B2F20736C95006ED965 /* WebViewJavaScriptBridgeFrameWork.app */,
				D8C00B4320736C95006ED965 /* WebViewJavaScriptBridgeFrameWorkTests.xctest */,
				D8C00B4E20736C95006ED965 /* WebViewJavaScriptBridgeFrameWorkUITests.xctest */,
			);
			name = Products;
			sourceTree = "<group>";
		};
		D8C00B3120736C95006ED965 /* WebViewJavaScriptBridgeFrameWork */ = {
			isa = PBXGroup;
			children = (
				D894522E207A4FA50014BC83 /* lame */,
				D8945223207A4F400014BC83 /* Public */,
				D8C00B6420736CC3006ED965 /* Classes */,
				D8C00B6820736CC3006ED965 /* WebViewJavascriptBridge */,
				D8C00B3220736C95006ED965 /* AppDelegate.swift */,
				D8C00B3420736C95006ED965 /* ViewController.swift */,
				D8C00B3620736C95006ED965 /* Main.storyboard */,
				D8C00B3920736C95006ED965 /* Assets.xcassets */,
				D8C00B3B20736C95006ED965 /* LaunchScreen.storyboard */,
				D8C00B3E20736C95006ED965 /* Info.plist */,
				D8C00B6020736CA4006ED965 /* WebViewJavaScriptBridgeFrameWork-Bridging-Header.h */,
			);
			path = WebViewJavaScriptBridgeFrameWork;
			sourceTree = "<group>";
		};
		D8C00B4620736C95006ED965 /* WebViewJavaScriptBridgeFrameWorkTests */ = {
			isa = PBXGroup;
			children = (
				D8C00B4720736C95006ED965 /* WebViewJavaScriptBridgeFrameWorkTests.swift */,
				D8C00B4920736C95006ED965 /* Info.plist */,
			);
			path = WebViewJavaScriptBridgeFrameWorkTests;
			sourceTree = "<group>";
		};
		D8C00B5120736C95006ED965 /* WebViewJavaScriptBridgeFrameWorkUITests */ = {
			isa = PBXGroup;
			children = (
				D8C00B5220736C95006ED965 /* WebViewJavaScriptBridgeFrameWorkUITests.swift */,
				D8C00B5420736C95006ED965 /* Info.plist */,
			);
			path = WebViewJavaScriptBridgeFrameWorkUITests;
			sourceTree = "<group>";
		};
		D8C00B6420736CC3006ED965 /* Classes */ = {
			isa = PBXGroup;
			children = (
				D8C00B6520736CC3006ED965 /* Controller */,
			);
			path = Classes;
			sourceTree = "<group>";
		};
		D8C00B6520736CC3006ED965 /* Controller */ = {
			isa = PBXGroup;
			children = (
				D8C00B6620736CC3006ED965 /* WebViewJavaScriptBridgeFrameWorkBaseViewController.swift */,
				D8C00B6720736CC3006ED965 /* WebViewJavaScriptBridgeFrameWorkHomeViewController.swift */,
				D8C00B7720737D21006ED965 /* WebViewJavaScriptBridgeFrameWorkSubViewController.swift */,
			);
			path = Controller;
			sourceTree = "<group>";
		};
		D8C00B6820736CC3006ED965 /* WebViewJavascriptBridge */ = {
			isa = PBXGroup;
			children = (
				D8C00B6920736CC3006ED965 /* WebViewJavascriptBridge.h */,
				D8C00B6A20736CC3006ED965 /* WebViewJavascriptBridge.m */,
				D8C00B6B20736CC3006ED965 /* WebViewJavascriptBridge_JS.h */,
				D8C00B6C20736CC3006ED965 /* WebViewJavascriptBridge_JS.m */,
				D8C00B6D20736CC3006ED965 /* WebViewJavascriptBridgeBase.h */,
				D8C00B6E20736CC3006ED965 /* WebViewJavascriptBridgeBase.m */,
				D8C00B6F20736CC3006ED965 /* WKWebViewJavascriptBridge.h */,
				D8C00B7020736CC3006ED965 /* WKWebViewJavascriptBridge.m */,
			);
			path = WebViewJavascriptBridge;
			sourceTree = "<group>";
		};
/* End PBXGroup section */

/* Begin PBXNativeTarget section */
		D8C00B2E20736C95006ED965 /* WebViewJavaScriptBridgeFrameWork */ = {
			isa = PBXNativeTarget;
			buildConfigurationList = D8C00B5720736C95006ED965 /* Build configuration list for PBXNativeTarget "WebViewJavaScriptBridgeFrameWork" */;
			buildPhases = (
				D8C00B2B20736C95006ED965 /* Sources */,
				D8C00B2C20736C95006ED965 /* Frameworks */,
				D8C00B2D20736C95006ED965 /* Resources */,
			);
			buildRules = (
			);
			dependencies = (
			);
			name = WebViewJavaScriptBridgeFrameWork;
			productName = WebViewJavaScriptBridgeFrameWork;
			productReference = D8C00B2F20736C95006ED965 /* WebViewJavaScriptBridgeFrameWork.app */;
			productType = "com.apple.product-type.application";
		};
		D8C00B4220736C95006ED965 /* WebViewJavaScriptBridgeFrameWorkTests */ = {
			isa = PBXNativeTarget;
			buildConfigurationList = D8C00B5A20736C95006ED965 /* Build configuration list for PBXNativeTarget "WebViewJavaScriptBridgeFrameWorkTests" */;
			buildPhases = (
				D8C00B3F20736C95006ED965 /* Sources */,
				D8C00B4020736C95006ED965 /* Frameworks */,
				D8C00B4120736C95006ED965 /* Resources */,
			);
			buildRules = (
			);
			dependencies = (
				D8C00B4520736C95006ED965 /* PBXTargetDependency */,
			);
			name = WebViewJavaScriptBridgeFrameWorkTests;
			productName = WebViewJavaScriptBridgeFrameWorkTests;
			productReference = D8C00B4320736C95006ED965 /* WebViewJavaScriptBridgeFrameWorkTests.xctest */;
			productType = "com.apple.product-type.bundle.unit-test";
		};
		D8C00B4D20736C95006ED965 /* WebViewJavaScriptBridgeFrameWorkUITests */ = {
			isa = PBXNativeTarget;
			buildConfigurationList = D8C00B5D20736C95006ED965 /* Build configuration list for PBXNativeTarget "WebViewJavaScriptBridgeFrameWorkUITests" */;
			buildPhases = (
				D8C00B4A20736C95006ED965 /* Sources */,
				D8C00B4B20736C95006ED965 /* Frameworks */,
				D8C00B4C20736C95006ED965 /* Resources */,
			);
			buildRules = (
			);
			dependencies = (
				D8C00B5020736C95006ED965 /* PBXTargetDependency */,
			);
			name = WebViewJavaScriptBridgeFrameWorkUITests;
			productName = WebViewJavaScriptBridgeFrameWorkUITests;
			productReference = D8C00B4E20736C95006ED965 /* WebViewJavaScriptBridgeFrameWorkUITests.xctest */;
			productType = "com.apple.product-type.bundle.ui-testing";
		};
/* End PBXNativeTarget section */

/* Begin PBXProject section */
		D8C00B2720736C95006ED965 /* Project object */ = {
			isa = PBXProject;
			attributes = {
				LastSwiftUpdateCheck = 0920;
				LastUpgradeCheck = 0920;
				ORGANIZATIONNAME = "Hongyear Information Technology (Shanghai) Co.,Ltd.";
				TargetAttributes = {
					D8C00B2E20736C95006ED965 = {
						CreatedOnToolsVersion = 9.2;
						LastSwiftMigration = 0920;
						ProvisioningStyle = Automatic;
					};
					D8C00B4220736C95006ED965 = {
						CreatedOnToolsVersion = 9.2;
						ProvisioningStyle = Automatic;
						TestTargetID = D8C00B2E20736C95006ED965;
					};
					D8C00B4D20736C95006ED965 = {
						CreatedOnToolsVersion = 9.2;
						ProvisioningStyle = Automatic;
						TestTargetID = D8C00B2E20736C95006ED965;
					};
				};
			};
			buildConfigurationList = D8C00B2A20736C95006ED965 /* Build configuration list for PBXProject "WebViewJavaScriptBridgeFrameWork" */;
			compatibilityVersion = "Xcode 8.0";
			developmentRegion = en;
			hasScannedForEncodings = 0;
			knownRegions = (
				en,
				Base,
			);
			mainGroup = D8C00B2620736C95006ED965;
			productRefGroup = D8C00B3020736C95006ED965 /* Products */;
			projectDirPath = "";
			projectRoot = "";
			targets = (
				D8C00B2E20736C95006ED965 /* WebViewJavaScriptBridgeFrameWork */,
				D8C00B4220736C95006ED965 /* WebViewJavaScriptBridgeFrameWorkTests */,
				D8C00B4D20736C95006ED965 /* WebViewJavaScriptBridgeFrameWorkUITests */,
			);
		};
/* End PBXProject section */

/* Begin PBXResourcesBuildPhase section */
		D8C00B2D20736C95006ED965 /* Resources */ = {
			isa = PBXResourcesBuildPhase;
			buildActionMask = 2147483647;
			files = (
				D8C00B3D20736C95006ED965 /* LaunchScreen.storyboard in Resources */,
				D8C00B3A20736C95006ED965 /* Assets.xcassets in Resources */,
				D8C00B3820736C95006ED965 /* Main.storyboard in Resources */,
			);
			runOnlyForDeploymentPostprocessing = 0;
		};
		D8C00B4120736C95006ED965 /* Resources */ = {
			isa = PBXResourcesBuildPhase;
			buildActionMask = 2147483647;
			files = (
			);
			runOnlyForDeploymentPostprocessing = 0;
		};
		D8C00B4C20736C95006ED965 /* Resources */ = {
			isa = PBXResourcesBuildPhase;
			buildActionMask = 2147483647;
			files = (
			);
			runOnlyForDeploymentPostprocessing = 0;
		};
/* End PBXResourcesBuildPhase section */

/* Begin PBXSourcesBuildPhase section */
		D8C00B2B20736C95006ED965 /* Sources */ = {
			isa = PBXSourcesBuildPhase;
			buildActionMask = 2147483647;
			files = (
				D8945233207A51150014BC83 /* common.swift in Sources */,
				D8C00B3520736C95006ED965 /* ViewController.swift in Sources */,
				D8C00B7820737D21006ED965 /* WebViewJavaScriptBridgeFrameWorkSubViewController.swift in Sources */,
				D8C00B3320736C95006ED965 /* AppDelegate.swift in Sources */,
				D894522B207A4F400014BC83 /* Recorder.swift in Sources */,
				D8C00B7420736CC3006ED965 /* WebViewJavascriptBridge_JS.m in Sources */,
				D8C00B7220736CC3006ED965 /* WebViewJavaScriptBridgeFrameWorkHomeViewController.swift in Sources */,
				D894522D207A4F400014BC83 /* AudioWrapper.m in Sources */,
				D8C00B7520736CC3006ED965 /* WebViewJavascriptBridgeBase.m in Sources */,
				D8C00B7620736CC3006ED965 /* WKWebViewJavascriptBridge.m in Sources */,
				D894522A207A4F400014BC83 /* AudioPlayer.swift in Sources */,
				D8C00B7120736CC3006ED965 /* WebViewJavaScriptBridgeFrameWorkBaseViewController.swift in Sources */,
				D8C00B7320736CC3006ED965 /* WebViewJavascriptBridge.m in Sources */,
				D894522C207A4F400014BC83 /* Music.swift in Sources */,
			);
			runOnlyForDeploymentPostprocessing = 0;
		};
		D8C00B3F20736C95006ED965 /* Sources */ = {
			isa = PBXSourcesBuildPhase;
			buildActionMask = 2147483647;
			files = (
				D8C00B4820736C95006ED965 /* WebViewJavaScriptBridgeFrameWorkTests.swift in Sources */,
			);
			runOnlyForDeploymentPostprocessing = 0;
		};
		D8C00B4A20736C95006ED965 /* Sources */ = {
			isa = PBXSourcesBuildPhase;
			buildActionMask = 2147483647;
			files = (
				D8C00B5320736C95006ED965 /* WebViewJavaScriptBridgeFrameWorkUITests.swift in Sources */,
			);
			runOnlyForDeploymentPostprocessing = 0;
		};
/* End PBXSourcesBuildPhase section */

/* Begin PBXTargetDependency section */
		D8C00B4520736C95006ED965 /* PBXTargetDependency */ = {
			isa = PBXTargetDependency;
			target = D8C00B2E20736C95006ED965 /* WebViewJavaScriptBridgeFrameWork */;
			targetProxy = D8C00B4420736C95006ED965 /* PBXContainerItemProxy */;
		};
		D8C00B5020736C95006ED965 /* PBXTargetDependency */ = {
			isa = PBXTargetDependency;
			target = D8C00B2E20736C95006ED965 /* WebViewJavaScriptBridgeFrameWork */;
			targetProxy = D8C00B4F20736C95006ED965 /* PBXContainerItemProxy */;
		};
/* End PBXTargetDependency section */

/* Begin PBXVariantGroup section */
		D8C00B3620736C95006ED965 /* Main.storyboard */ = {
			isa = PBXVariantGroup;
			children = (
				D8C00B3720736C95006ED965 /* Base */,
			);
			name = Main.storyboard;
			sourceTree = "<group>";
		};
		D8C00B3B20736C95006ED965 /* LaunchScreen.storyboard */ = {
			isa = PBXVariantGroup;
			children = (
				D8C00B3C20736C95006ED965 /* Base */,
			);
			name = LaunchScreen.storyboard;
			sourceTree = "<group>";
		};
/* End PBXVariantGroup section */

/* Begin XCBuildConfiguration section */
		D8C00B5520736C95006ED965 /* Debug */ = {
			isa = XCBuildConfiguration;
			buildSettings = {
				ALWAYS_SEARCH_USER_PATHS = NO;
				CLANG_ANALYZER_NONNULL = YES;
				CLANG_ANALYZER_NUMBER_OBJECT_CONVERSION = YES_AGGRESSIVE;
				CLANG_CXX_LANGUAGE_STANDARD = "gnu++14";
				CLANG_CXX_LIBRARY = "libc++";
				CLANG_ENABLE_MODULES = YES;
				CLANG_ENABLE_OBJC_ARC = YES;
				CLANG_WARN_BLOCK_CAPTURE_AUTORELEASING = YES;
				CLANG_WARN_BOOL_CONVERSION = YES;
				CLANG_WARN_COMMA = YES;
				CLANG_WARN_CONSTANT_CONVERSION = YES;
				CLANG_WARN_DIRECT_OBJC_ISA_USAGE = YES_ERROR;
				CLANG_WARN_DOCUMENTATION_COMMENTS = YES;
				CLANG_WARN_EMPTY_BODY = YES;
				CLANG_WARN_ENUM_CONVERSION = YES;
				CLANG_WARN_INFINITE_RECURSION = YES;
				CLANG_WARN_INT_CONVERSION = YES;
				CLANG_WARN_NON_LITERAL_NULL_CONVERSION = YES;
				CLANG_WARN_OBJC_LITERAL_CONVERSION = YES;
				CLANG_WARN_OBJC_ROOT_CLASS = YES_ERROR;
				CLANG_WARN_RANGE_LOOP_ANALYSIS = YES;
				CLANG_WARN_STRICT_PROTOTYPES = YES;
				CLANG_WARN_SUSPICIOUS_MOVE = YES;
				CLANG_WARN_UNGUARDED_AVAILABILITY = YES_AGGRESSIVE;
				CLANG_WARN_UNREACHABLE_CODE = YES;
				CLANG_WARN__DUPLICATE_METHOD_MATCH = YES;
				CODE_SIGN_IDENTITY = "iPhone Developer";
				COPY_PHASE_STRIP = NO;
				DEBUG_INFORMATION_FORMAT = dwarf;
				ENABLE_STRICT_OBJC_MSGSEND = YES;
				ENABLE_TESTABILITY = YES;
				GCC_C_LANGUAGE_STANDARD = gnu11;
				GCC_DYNAMIC_NO_PIC = NO;
				GCC_NO_COMMON_BLOCKS = YES;
				GCC_OPTIMIZATION_LEVEL = 0;
				GCC_PREPROCESSOR_DEFINITIONS = (
					"DEBUG=1",
					"$(inherited)",
				);
				GCC_WARN_64_TO_32_BIT_CONVERSION = YES;
				GCC_WARN_ABOUT_RETURN_TYPE = YES_ERROR;
				GCC_WARN_UNDECLARED_SELECTOR = YES;
				GCC_WARN_UNINITIALIZED_AUTOS = YES_AGGRESSIVE;
				GCC_WARN_UNUSED_FUNCTION = YES;
				GCC_WARN_UNUSED_VARIABLE = YES;
				IPHONEOS_DEPLOYMENT_TARGET = 11.2;
				MTL_ENABLE_DEBUG_INFO = YES;
				ONLY_ACTIVE_ARCH = YES;
				SDKROOT = iphoneos;
				SWIFT_ACTIVE_COMPILATION_CONDITIONS = DEBUG;
				SWIFT_OPTIMIZATION_LEVEL = "-Onone";
			};
			name = Debug;
		};
		D8C00B5620736C95006ED965 /* Release */ = {
			isa = XCBuildConfiguration;
			buildSettings = {
				ALWAYS_SEARCH_USER_PATHS = NO;
				CLANG_ANALYZER_NONNULL = YES;
				CLANG_ANALYZER_NUMBER_OBJECT_CONVERSION = YES_AGGRESSIVE;
				CLANG_CXX_LANGUAGE_STANDARD = "gnu++14";
				CLANG_CXX_LIBRARY = "libc++";
				CLANG_ENABLE_MODULES = YES;
				CLANG_ENABLE_OBJC_ARC = YES;
				CLANG_WARN_BLOCK_CAPTURE_AUTORELEASING = YES;
				CLANG_WARN_BOOL_CONVERSION = YES;
				CLANG_WARN_COMMA = YES;
				CLANG_WARN_CONSTANT_CONVERSION = YES;
				CLANG_WARN_DIRECT_OBJC_ISA_USAGE = YES_ERROR;
				CLANG_WARN_DOCUMENTATION_COMMENTS = YES;
				CLANG_WARN_EMPTY_BODY = YES;
				CLANG_WARN_ENUM_CONVERSION = YES;
				CLANG_WARN_INFINITE_RECURSION = YES;
				CLANG_WARN_INT_CONVERSION = YES;
				CLANG_WARN_NON_LITERAL_NULL_CONVERSION = YES;
				CLANG_WARN_OBJC_LITERAL_CONVERSION = YES;
				CLANG_WARN_OBJC_ROOT_CLASS = YES_ERROR;
				CLANG_WARN_RANGE_LOOP_ANALYSIS = YES;
				CLANG_WARN_STRICT_PROTOTYPES = YES;
				CLANG_WARN_SUSPICIOUS_MOVE = YES;
				CLANG_WARN_UNGUARDED_AVAILABILITY = YES_AGGRESSIVE;
				CLANG_WARN_UNREACHABLE_CODE = YES;
				CLANG_WARN__DUPLICATE_METHOD_MATCH = YES;
				CODE_SIGN_IDENTITY = "iPhone Developer";
				COPY_PHASE_STRIP = NO;
				DEBUG_INFORMATION_FORMAT = "dwarf-with-dsym";
				ENABLE_NS_ASSERTIONS = NO;
				ENABLE_STRICT_OBJC_MSGSEND = YES;
				GCC_C_LANGUAGE_STANDARD = gnu11;
				GCC_NO_COMMON_BLOCKS = YES;
				GCC_WARN_64_TO_32_BIT_CONVERSION = YES;
				GCC_WARN_ABOUT_RETURN_TYPE = YES_ERROR;
				GCC_WARN_UNDECLARED_SELECTOR = YES;
				GCC_WARN_UNINITIALIZED_AUTOS = YES_AGGRESSIVE;
				GCC_WARN_UNUSED_FUNCTION = YES;
				GCC_WARN_UNUSED_VARIABLE = YES;
				IPHONEOS_DEPLOYMENT_TARGET = 11.2;
				MTL_ENABLE_DEBUG_INFO = NO;
				SDKROOT = iphoneos;
				SWIFT_OPTIMIZATION_LEVEL = "-Owholemodule";
				VALIDATE_PRODUCT = YES;
			};
			name = Release;
		};
		D8C00B5820736C95006ED965 /* Debug */ = {
			isa = XCBuildConfiguration;
			buildSettings = {
				ASSETCATALOG_COMPILER_APPICON_NAME = AppIcon;
				CLANG_ENABLE_MODULES = YES;
				CODE_SIGN_STYLE = Automatic;
				DEVELOPMENT_TEAM = WF3TH68XDZ;
				INFOPLIST_FILE = WebViewJavaScriptBridgeFrameWork/Info.plist;
				IPHONEOS_DEPLOYMENT_TARGET = 9.0;
				LD_RUNPATH_SEARCH_PATHS = "$(inherited) @executable_path/Frameworks";
				LIBRARY_SEARCH_PATHS = (
					"$(inherited)",
					"$(PROJECT_DIR)/WebViewJavaScriptBridgeFrameWork/Public/lame",
				);
				PRODUCT_BUNDLE_IDENTIFIER = com.zzj.WebViewJavaScriptBridgeFrameWork;
				PRODUCT_NAME = "$(TARGET_NAME)";
				SWIFT_OBJC_BRIDGING_HEADER = "WebViewJavaScriptBridgeFrameWork/WebViewJavaScriptBridgeFrameWork-Bridging-Header.h";
				SWIFT_OPTIMIZATION_LEVEL = "-Onone";
				SWIFT_VERSION = 4.0;
				TARGETED_DEVICE_FAMILY = "1,2";
			};
			name = Debug;
		};
		D8C00B5920736C95006ED965 /* Release */ = {
			isa = XCBuildConfiguration;
			buildSettings = {
				ASSETCATALOG_COMPILER_APPICON_NAME = AppIcon;
				CLANG_ENABLE_MODULES = YES;
				CODE_SIGN_STYLE = Automatic;
				DEVELOPMENT_TEAM = WF3TH68XDZ;
				INFOPLIST_FILE = WebViewJavaScriptBridgeFrameWork/Info.plist;
				IPHONEOS_DEPLOYMENT_TARGET = 9.0;
				LD_RUNPATH_SEARCH_PATHS = "$(inherited) @executable_path/Frameworks";
				LIBRARY_SEARCH_PATHS = (
					"$(inherited)",
					"$(PROJECT_DIR)/WebViewJavaScriptBridgeFrameWork/Public/lame",
				);
				PRODUCT_BUNDLE_IDENTIFIER = com.zzj.WebViewJavaScriptBridgeFrameWork;
				PRODUCT_NAME = "$(TARGET_NAME)";
				SWIFT_OBJC_BRIDGING_HEADER = "WebViewJavaScriptBridgeFrameWork/WebViewJavaScriptBridgeFrameWork-Bridging-Header.h";
				SWIFT_VERSION = 4.0;
				TARGETED_DEVICE_FAMILY = "1,2";
			};
			name = Release;
		};
		D8C00B5B20736C95006ED965 /* Debug */ = {
			isa = XCBuildConfiguration;
			buildSettings = {
				ALWAYS_EMBED_SWIFT_STANDARD_LIBRARIES = YES;
				BUNDLE_LOADER = "$(TEST_HOST)";
				CODE_SIGN_STYLE = Automatic;
				INFOPLIST_FILE = WebViewJavaScriptBridgeFrameWorkTests/Info.plist;
				LD_RUNPATH_SEARCH_PATHS = "$(inherited) @executable_path/Frameworks @loader_path/Frameworks";
				PRODUCT_BUNDLE_IDENTIFIER = com.zzj.WebViewJavaScriptBridgeFrameWorkTests;
				PRODUCT_NAME = "$(TARGET_NAME)";
				SWIFT_VERSION = 4.0;
				TARGETED_DEVICE_FAMILY = "1,2";
				TEST_HOST = "$(BUILT_PRODUCTS_DIR)/WebViewJavaScriptBridgeFrameWork.app/WebViewJavaScriptBridgeFrameWork";
			};
			name = Debug;
		};
		D8C00B5C20736C95006ED965 /* Release */ = {
			isa = XCBuildConfiguration;
			buildSettings = {
				ALWAYS_EMBED_SWIFT_STANDARD_LIBRARIES = YES;
				BUNDLE_LOADER = "$(TEST_HOST)";
				CODE_SIGN_STYLE = Automatic;
				INFOPLIST_FILE = WebViewJavaScriptBridgeFrameWorkTests/Info.plist;
				LD_RUNPATH_SEARCH_PATHS = "$(inherited) @executable_path/Frameworks @loader_path/Frameworks";
				PRODUCT_BUNDLE_IDENTIFIER = com.zzj.WebViewJavaScriptBridgeFrameWorkTests;
				PRODUCT_NAME = "$(TARGET_NAME)";
				SWIFT_VERSION = 4.0;
				TARGETED_DEVICE_FAMILY = "1,2";
				TEST_HOST = "$(BUILT_PRODUCTS_DIR)/WebViewJavaScriptBridgeFrameWork.app/WebViewJavaScriptBridgeFrameWork";
			};
			name = Release;
		};
		D8C00B5E20736C95006ED965 /* Debug */ = {
			isa = XCBuildConfiguration;
			buildSettings = {
				ALWAYS_EMBED_SWIFT_STANDARD_LIBRARIES = YES;
				CODE_SIGN_STYLE = Automatic;
				INFOPLIST_FILE = WebViewJavaScriptBridgeFrameWorkUITests/Info.plist;
				LD_RUNPATH_SEARCH_PATHS = "$(inherited) @executable_path/Frameworks @loader_path/Frameworks";
				PRODUCT_BUNDLE_IDENTIFIER = com.zzj.WebViewJavaScriptBridgeFrameWorkUITests;
				PRODUCT_NAME = "$(TARGET_NAME)";
				SWIFT_VERSION = 4.0;
				TARGETED_DEVICE_FAMILY = "1,2";
				TEST_TARGET_NAME = WebViewJavaScriptBridgeFrameWork;
			};
			name = Debug;
		};
		D8C00B5F20736C95006ED965 /* Release */ = {
			isa = XCBuildConfiguration;
			buildSettings = {
				ALWAYS_EMBED_SWIFT_STANDARD_LIBRARIES = YES;
				CODE_SIGN_STYLE = Automatic;
				INFOPLIST_FILE = WebViewJavaScriptBridgeFrameWorkUITests/Info.plist;
				LD_RUNPATH_SEARCH_PATHS = "$(inherited) @executable_path/Frameworks @loader_path/Frameworks";
				PRODUCT_BUNDLE_IDENTIFIER = com.zzj.WebViewJavaScriptBridgeFrameWorkUITests;
				PRODUCT_NAME = "$(TARGET_NAME)";
				SWIFT_VERSION = 4.0;
				TARGETED_DEVICE_FAMILY = "1,2";
				TEST_TARGET_NAME = WebViewJavaScriptBridgeFrameWork;
			};
			name = Release;
		};
/* End XCBuildConfiguration section */

/* Begin XCConfigurationList section */
		D8C00B2A20736C95006ED965 /* Build configuration list for PBXProject "WebViewJavaScriptBridgeFrameWork" */ = {
			isa = XCConfigurationList;
			buildConfigurations = (
				D8C00B5520736C95006ED965 /* Debug */,
				D8C00B5620736C95006ED965 /* Release */,
			);
			defaultConfigurationIsVisible = 0;
			defaultConfigurationName = Release;
		};
		D8C00B5720736C95006ED965 /* Build configuration list for PBXNativeTarget "WebViewJavaScriptBridgeFrameWork" */ = {
			isa = XCConfigurationList;
			buildConfigurations = (
				D8C00B5820736C95006ED965 /* Debug */,
				D8C00B5920736C95006ED965 /* Release */,
			);
			defaultConfigurationIsVisible = 0;
			defaultConfigurationName = Release;
		};
		D8C00B5A20736C95006ED965 /* Build configuration list for PBXNativeTarget "WebViewJavaScriptBridgeFrameWorkTests" */ = {
			isa = XCConfigurationList;
			buildConfigurations = (
				D8C00B5B20736C95006ED965 /* Debug */,
				D8C00B5C20736C95006ED965 /* Release */,
			);
			defaultConfigurationIsVisible = 0;
			defaultConfigurationName = Release;
		};
		D8C00B5D20736C95006ED965 /* Build configuration list for PBXNativeTarget "WebViewJavaScriptBridgeFrameWorkUITests" */ = {
			isa = XCConfigurationList;
			buildConfigurations = (
				D8C00B5E20736C95006ED965 /* Debug */,
				D8C00B5F20736C95006ED965 /* Release */,
			);
			defaultConfigurationIsVisible = 0;
			defaultConfigurationName = Release;
		};
/* End XCConfigurationList section */
	};
	rootObject = D8C00B2720736C95006ED965 /* Project object */;
}
