// !$*UTF8*$!
{
	archiveVersion = 1;
	classes = {
	};
	objectVersion = 48;
	objects = {

/* Begin PBXBuildFile section */
		D81F5D92207F04C40057C263 /* NetWorkTool.swift in Sources */ = {isa = PBXBuildFile; fileRef = D81F5D91207F04C40057C263 /* NetWorkTool.swift */; };
		D81F5DB4207F5D4F0057C263 /* SwiftyJSON.framework in Frameworks */ = {isa = PBXBuildFile; fileRef = D81F5DA7207F5D480057C263 /* SwiftyJSON.framework */; };
		D81F5DB5207F5D4F0057C263 /* SwiftyJSON.framework in Embed Frameworks */ = {isa = PBXBuildFile; fileRef = D81F5DA7207F5D480057C263 /* SwiftyJSON.framework */; settings = {ATTRIBUTES = (CodeSignOnCopy, RemoveHeadersOnCopy, ); }; };
		D842D7A3207CC27400260A32 /* ExampleApp.html in Resources */ = {isa = PBXBuildFile; fileRef = D842D7A2207CC27400260A32 /* ExampleApp.html */; };
		D870DFBC207DAECF00CD8F9A /* 1.mp3 in Resources */ = {isa = PBXBuildFile; fileRef = D870DFAF207DAECF00CD8F9A /* 1.mp3 */; };
		D870DFBD207DAECF00CD8F9A /* app.16099212544d1bb4422c4995bb23c599.css in Resources */ = {isa = PBXBuildFile; fileRef = D870DFB1207DAECF00CD8F9A /* app.16099212544d1bb4422c4995bb23c599.css */; };
		D870DFBE207DAECF00CD8F9A /* app.b7a44742ac2aafd7a837.js in Resources */ = {isa = PBXBuildFile; fileRef = D870DFB4207DAECF00CD8F9A /* app.b7a44742ac2aafd7a837.js */; };
		D870DFBF207DAECF00CD8F9A /* manifest.2ae2e69a05c33dfc65f8.js in Resources */ = {isa = PBXBuildFile; fileRef = D870DFB6207DAECF00CD8F9A /* manifest.2ae2e69a05c33dfc65f8.js */; };
		D870DFC0207DAECF00CD8F9A /* vendor.3793cece39c7ec53285e.js in Resources */ = {isa = PBXBuildFile; fileRef = D870DFB8207DAECF00CD8F9A /* vendor.3793cece39c7ec53285e.js */; };
		D870DFC1207DAECF00CD8F9A /* test.mp3 in Resources */ = {isa = PBXBuildFile; fileRef = D870DFBA207DAECF00CD8F9A /* test.mp3 */; };
		D870DFC2207DAECF00CD8F9A /* index.html in Resources */ = {isa = PBXBuildFile; fileRef = D870DFBB207DAECF00CD8F9A /* index.html */; };
		D870DFDC207DB6F500CD8F9A /* Alamofire.framework in Frameworks */ = {isa = PBXBuildFile; fileRef = D870DFCF207DB6EF00CD8F9A /* Alamofire.framework */; };
		D870DFDD207DB6F600CD8F9A /* Alamofire.framework in Embed Frameworks */ = {isa = PBXBuildFile; fileRef = D870DFCF207DB6EF00CD8F9A /* Alamofire.framework */; settings = {ATTRIBUTES = (CodeSignOnCopy, RemoveHeadersOnCopy, ); }; };
		D870DFE3207DB7A000CD8F9A /* WebViewJavaScriptBridgeFrameWorkHomeViewModel.swift in Sources */ = {isa = PBXBuildFile; fileRef = D870DFE2207DB7A000CD8F9A /* WebViewJavaScriptBridgeFrameWorkHomeViewModel.swift */; };
		D894522A207A4F400014BC83 /* AudioPlayer.swift in Sources */ = {isa = PBXBuildFile; fileRef = D8945224207A4F400014BC83 /* AudioPlayer.swift */; };
		D894522B207A4F400014BC83 /* Recorder.swift in Sources */ = {isa = PBXBuildFile; fileRef = D8945225207A4F400014BC83 /* Recorder.swift */; };
		D894522C207A4F400014BC83 /* Music.swift in Sources */ = {isa = PBXBuildFile; fileRef = D8945226207A4F400014BC83 /* Music.swift */; };
		D894522D207A4F400014BC83 /* AudioWrapper.m in Sources */ = {isa = PBXBuildFile; fileRef = D8945229207A4F400014BC83 /* AudioWrapper.m */; };
		D8945231207A4FA50014BC83 /* libmp3lame.a in Frameworks */ = {isa = PBXBuildFile; fileRef = D894522F207A4FA50014BC83 /* libmp3lame.a */; };
		D8945233207A51150014BC83 /* common.swift in Sources */ = {isa = PBXBuildFile; fileRef = D8945232207A51150014BC83 /* common.swift */; };
		D8C00B3320736C95006ED965 /* AppDelegate.swift in Sources */ = {isa = PBXBuildFile; fileRef = D8C00B3220736C95006ED965 /* AppDelegate.swift */; };
		D8C00B3520736C95006ED965 /* ViewController.swift in Sources */ = {isa = PBXBuildFile; fileRef = D8C00B3420736C95006ED965 /* ViewController.swift */; };
		D8C00B3820736C95006ED965 /* Main.storyboard in Resources */ = {isa = PBXBuildFile; fileRef = D8C00B3620736C95006ED965 /* Main.storyboard */; };
		D8C00B3A20736C95006ED965 /* Assets.xcassets in Resources */ = {isa = PBXBuildFile; fileRef = D8C00B3920736C95006ED965 /* Assets.xcassets */; };
		D8C00B3D20736C95006ED965 /* LaunchScreen.storyboard in Resources */ = {isa = PBXBuildFile; fileRef = D8C00B3B20736C95006ED965 /* LaunchScreen.storyboard */; };
		D8C00B4820736C95006ED965 /* WebViewJavaScriptBridgeFrameWorkTests.swift in Sources */ = {isa = PBXBuildFile; fileRef = D8C00B4720736C95006ED965 /* WebViewJavaScriptBridgeFrameWorkTests.swift */; };
		D8C00B5320736C95006ED965 /* WebViewJavaScriptBridgeFrameWorkUITests.swift in Sources */ = {isa = PBXBuildFile; fileRef = D8C00B5220736C95006ED965 /* WebViewJavaScriptBridgeFrameWorkUITests.swift */; };
		D8C00B7120736CC3006ED965 /* WebViewJavaScriptBridgeFrameWorkBaseViewController.swift in Sources */ = {isa = PBXBuildFile; fileRef = D8C00B6620736CC3006ED965 /* WebViewJavaScriptBridgeFrameWorkBaseViewController.swift */; };
		D8C00B7220736CC3006ED965 /* WebViewJavaScriptBridgeFrameWorkHomeViewController.swift in Sources */ = {isa = PBXBuildFile; fileRef = D8C00B6720736CC3006ED965 /* WebViewJavaScriptBridgeFrameWorkHomeViewController.swift */; };
		D8C00B7320736CC3006ED965 /* WebViewJavascriptBridge.m in Sources */ = {isa = PBXBuildFile; fileRef = D8C00B6A20736CC3006ED965 /* WebViewJavascriptBridge.m */; };
		D8C00B7420736CC3006ED965 /* WebViewJavascriptBridge_JS.m in Sources */ = {isa = PBXBuildFile; fileRef = D8C00B6C20736CC3006ED965 /* WebViewJavascriptBridge_JS.m */; };
		D8C00B7520736CC3006ED965 /* WebViewJavascriptBridgeBase.m in Sources */ = {isa = PBXBuildFile; fileRef = D8C00B6E20736CC3006ED965 /* WebViewJavascriptBridgeBase.m */; };
		D8C00B7620736CC3006ED965 /* WKWebViewJavascriptBridge.m in Sources */ = {isa = PBXBuildFile; fileRef = D8C00B7020736CC3006ED965 /* WKWebViewJavascriptBridge.m */; };
		D8C00B7820737D21006ED965 /* WebViewJavaScriptBridgeFrameWorkSubViewController.swift in Sources */ = {isa = PBXBuildFile; fileRef = D8C00B7720737D21006ED965 /* WebViewJavaScriptBridgeFrameWorkSubViewController.swift */; };
		D8F200AD207B013400A593BB /* CheckAuthStatusTool.swift in Sources */ = {isa = PBXBuildFile; fileRef = D8F200AC207B013400A593BB /* CheckAuthStatusTool.swift */; };
/* End PBXBuildFile section */

/* Begin PBXContainerItemProxy section */
		D81F5DA6207F5D480057C263 /* PBXContainerItemProxy */ = {
			isa = PBXContainerItemProxy;
			containerPortal = D81F5D9B207F5D480057C263 /* SwiftyJSON.xcodeproj */;
			proxyType = 2;
			remoteGlobalIDString = 2E4FEFDB19575BE100351305;
			remoteInfo = "SwiftyJSON iOS";
		};
		D81F5DA8207F5D480057C263 /* PBXContainerItemProxy */ = {
			isa = PBXContainerItemProxy;
			containerPortal = D81F5D9B207F5D480057C263 /* SwiftyJSON.xcodeproj */;
			proxyType = 2;
			remoteGlobalIDString = 2E4FEFE619575BE100351305;
			remoteInfo = "SwiftyJSON iOS Tests";
		};
		D81F5DAA207F5D480057C263 /* PBXContainerItemProxy */ = {
			isa = PBXContainerItemProxy;
			containerPortal = D81F5D9B207F5D480057C263 /* SwiftyJSON.xcodeproj */;
			proxyType = 2;
			remoteGlobalIDString = 9C7DFC5B1A9102BD005AA3F7;
			remoteInfo = "SwiftyJSON macOS";
		};
		D81F5DAC207F5D480057C263 /* PBXContainerItemProxy */ = {
			isa = PBXContainerItemProxy;
			containerPortal = D81F5D9B207F5D480057C263 /* SwiftyJSON.xcodeproj */;
			proxyType = 2;
			remoteGlobalIDString = 9C7DFC651A9102BD005AA3F7;
			remoteInfo = "SwiftyJSON macOS Tests";
		};
		D81F5DAE207F5D480057C263 /* PBXContainerItemProxy */ = {
			isa = PBXContainerItemProxy;
			containerPortal = D81F5D9B207F5D480057C263 /* SwiftyJSON.xcodeproj */;
			proxyType = 2;
			remoteGlobalIDString = E4D7CCE81B9465A700EE7221;
			remoteInfo = "SwiftyJSON watchOS";
		};
		D81F5DB0207F5D480057C263 /* PBXContainerItemProxy */ = {
			isa = PBXContainerItemProxy;
			containerPortal = D81F5D9B207F5D480057C263 /* SwiftyJSON.xcodeproj */;
			proxyType = 2;
			remoteGlobalIDString = 7236B4F61BAC14150020529B;
			remoteInfo = "SwiftyJSON tvOS";
		};
		D81F5DB2207F5D480057C263 /* PBXContainerItemProxy */ = {
			isa = PBXContainerItemProxy;
			containerPortal = D81F5D9B207F5D480057C263 /* SwiftyJSON.xcodeproj */;
			proxyType = 2;
			remoteGlobalIDString = A8580F741BCF5C5B00DA927B;
			remoteInfo = "SwiftyJSON tvOS Tests";
		};
		D81F5DB6207F5D4F0057C263 /* PBXContainerItemProxy */ = {
			isa = PBXContainerItemProxy;
			containerPortal = D81F5D9B207F5D480057C263 /* SwiftyJSON.xcodeproj */;
			proxyType = 1;
			remoteGlobalIDString = 2E4FEFDA19575BE100351305;
			remoteInfo = "SwiftyJSON iOS";
		};
		D870DFCE207DB6EF00CD8F9A /* PBXContainerItemProxy */ = {
			isa = PBXContainerItemProxy;
			containerPortal = D870DFC3207DB6EE00CD8F9A /* Alamofire.xcodeproj */;
			proxyType = 2;
			remoteGlobalIDString = F8111E3319A95C8B0040E7D1;
			remoteInfo = "Alamofire iOS";
		};
		D870DFD0207DB6EF00CD8F9A /* PBXContainerItemProxy */ = {
			isa = PBXContainerItemProxy;
			containerPortal = D870DFC3207DB6EE00CD8F9A /* Alamofire.xcodeproj */;
			proxyType = 2;
			remoteGlobalIDString = F8111E3E19A95C8B0040E7D1;
			remoteInfo = "Alamofire iOS Tests";
		};
		D870DFD2207DB6EF00CD8F9A /* PBXContainerItemProxy */ = {
			isa = PBXContainerItemProxy;
			containerPortal = D870DFC3207DB6EE00CD8F9A /* Alamofire.xcodeproj */;
			proxyType = 2;
			remoteGlobalIDString = 4DD67C0B1A5C55C900ED2280;
			remoteInfo = "Alamofire macOS";
		};
		D870DFD4207DB6EF00CD8F9A /* PBXContainerItemProxy */ = {
			isa = PBXContainerItemProxy;
			containerPortal = D870DFC3207DB6EE00CD8F9A /* Alamofire.xcodeproj */;
			proxyType = 2;
			remoteGlobalIDString = F829C6B21A7A94F100A2CD59;
			remoteInfo = "Alamofire macOS Tests";
		};
		D870DFD6207DB6EF00CD8F9A /* PBXContainerItemProxy */ = {
			isa = PBXContainerItemProxy;
			containerPortal = D870DFC3207DB6EE00CD8F9A /* Alamofire.xcodeproj */;
			proxyType = 2;
			remoteGlobalIDString = 4CF626EF1BA7CB3E0011A099;
			remoteInfo = "Alamofire tvOS";
		};
		D870DFD8207DB6EF00CD8F9A /* PBXContainerItemProxy */ = {
			isa = PBXContainerItemProxy;
			containerPortal = D870DFC3207DB6EE00CD8F9A /* Alamofire.xcodeproj */;
			proxyType = 2;
			remoteGlobalIDString = 4CF626F81BA7CB3E0011A099;
			remoteInfo = "Alamofire tvOS Tests";
		};
		D870DFDA207DB6EF00CD8F9A /* PBXContainerItemProxy */ = {
			isa = PBXContainerItemProxy;
			containerPortal = D870DFC3207DB6EE00CD8F9A /* Alamofire.xcodeproj */;
			proxyType = 2;
			remoteGlobalIDString = E4202FE01B667AA100C997FB;
			remoteInfo = "Alamofire watchOS";
		};
		D870DFDE207DB6F600CD8F9A /* PBXContainerItemProxy */ = {
			isa = PBXContainerItemProxy;
			containerPortal = D870DFC3207DB6EE00CD8F9A /* Alamofire.xcodeproj */;
			proxyType = 1;
			remoteGlobalIDString = F8111E3219A95C8B0040E7D1;
			remoteInfo = "Alamofire iOS";
		};
		D8C00B4420736C95006ED965 /* PBXContainerItemProxy */ = {
			isa = PBXContainerItemProxy;
			containerPortal = D8C00B2720736C95006ED965 /* Project object */;
			proxyType = 1;
			remoteGlobalIDString = D8C00B2E20736C95006ED965;
			remoteInfo = WebViewJavaScriptBridgeFrameWork;
		};
		D8C00B4F20736C95006ED965 /* PBXContainerItemProxy */ = {
			isa = PBXContainerItemProxy;
			containerPortal = D8C00B2720736C95006ED965 /* Project object */;
			proxyType = 1;
			remoteGlobalIDString = D8C00B2E20736C95006ED965;
			remoteInfo = WebViewJavaScriptBridgeFrameWork;
		};
/* End PBXContainerItemProxy section */

/* Begin PBXCopyFilesBuildPhase section */
		D870DFE0207DB6F600CD8F9A /* Embed Frameworks */ = {
			isa = PBXCopyFilesBuildPhase;
			buildActionMask = 2147483647;
			dstPath = "";
			dstSubfolderSpec = 10;
			files = (
				D81F5DB5207F5D4F0057C263 /* SwiftyJSON.framework in Embed Frameworks */,
				D870DFDD207DB6F600CD8F9A /* Alamofire.framework in Embed Frameworks */,
			);
			name = "Embed Frameworks";
			runOnlyForDeploymentPostprocessing = 0;
		};
/* End PBXCopyFilesBuildPhase section */

/* Begin PBXFileReference section */
		D81F5D91207F04C40057C263 /* NetWorkTool.swift */ = {isa = PBXFileReference; lastKnownFileType = sourcecode.swift; path = NetWorkTool.swift; sourceTree = "<group>"; };
		D81F5D9B207F5D480057C263 /* SwiftyJSON.xcodeproj */ = {isa = PBXFileReference; lastKnownFileType = "wrapper.pb-project"; name = SwiftyJSON.xcodeproj; path = "SwiftyJSON-master/SwiftyJSON.xcodeproj"; sourceTree = "<group>"; };
		D842D7A2207CC27400260A32 /* ExampleApp.html */ = {isa = PBXFileReference; fileEncoding = 4; lastKnownFileType = text.html; path = ExampleApp.html; sourceTree = "<group>"; };
		D870DFAF207DAECF00CD8F9A /* 1.mp3 */ = {isa = PBXFileReference; lastKnownFileType = audio.mp3; path = 1.mp3; sourceTree = "<group>"; };
		D870DFB1207DAECF00CD8F9A /* app.16099212544d1bb4422c4995bb23c599.css */ = {isa = PBXFileReference; fileEncoding = 4; lastKnownFileType = text.css; path = app.16099212544d1bb4422c4995bb23c599.css; sourceTree = "<group>"; };
		D870DFB2207DAECF00CD8F9A /* app.16099212544d1bb4422c4995bb23c599.css.map */ = {isa = PBXFileReference; fileEncoding = 4; lastKnownFileType = "sourcecode.module-map"; path = app.16099212544d1bb4422c4995bb23c599.css.map; sourceTree = "<group>"; };
		D870DFB4207DAECF00CD8F9A /* app.b7a44742ac2aafd7a837.js */ = {isa = PBXFileReference; fileEncoding = 4; lastKnownFileType = sourcecode.javascript; path = app.b7a44742ac2aafd7a837.js; sourceTree = "<group>"; };
		D870DFB5207DAECF00CD8F9A /* app.b7a44742ac2aafd7a837.js.map */ = {isa = PBXFileReference; fileEncoding = 4; lastKnownFileType = "sourcecode.module-map"; path = app.b7a44742ac2aafd7a837.js.map; sourceTree = "<group>"; };
		D870DFB6207DAECF00CD8F9A /* manifest.2ae2e69a05c33dfc65f8.js */ = {isa = PBXFileReference; fileEncoding = 4; lastKnownFileType = sourcecode.javascript; path = manifest.2ae2e69a05c33dfc65f8.js; sourceTree = "<group>"; };
		D870DFB7207DAECF00CD8F9A /* manifest.2ae2e69a05c33dfc65f8.js.map */ = {isa = PBXFileReference; fileEncoding = 4; lastKnownFileType = "sourcecode.module-map"; path = manifest.2ae2e69a05c33dfc65f8.js.map; sourceTree = "<group>"; };
		D870DFB8207DAECF00CD8F9A /* vendor.3793cece39c7ec53285e.js */ = {isa = PBXFileReference; fileEncoding = 4; lastKnownFileType = sourcecode.javascript; path = vendor.3793cece39c7ec53285e.js; sourceTree = "<group>"; };
		D870DFB9207DAECF00CD8F9A /* vendor.3793cece39c7ec53285e.js.map */ = {isa = PBXFileReference; fileEncoding = 4; lastKnownFileType = "sourcecode.module-map"; path = vendor.3793cece39c7ec53285e.js.map; sourceTree = "<group>"; };
		D870DFBA207DAECF00CD8F9A /* test.mp3 */ = {isa = PBXFileReference; lastKnownFileType = audio.mp3; path = test.mp3; sourceTree = "<group>"; };
		D870DFBB207DAECF00CD8F9A /* index.html */ = {isa = PBXFileReference; fileEncoding = 4; lastKnownFileType = text.html; path = index.html; sourceTree = "<group>"; };
		D870DFC3207DB6EE00CD8F9A /* Alamofire.xcodeproj */ = {isa = PBXFileReference; lastKnownFileType = "wrapper.pb-project"; name = Alamofire.xcodeproj; path = "Alamofire-master/Alamofire.xcodeproj"; sourceTree = "<group>"; };
		D870DFE2207DB7A000CD8F9A /* WebViewJavaScriptBridgeFrameWorkHomeViewModel.swift */ = {isa = PBXFileReference; lastKnownFileType = sourcecode.swift; path = WebViewJavaScriptBridgeFrameWorkHomeViewModel.swift; sourceTree = "<group>"; };
		D8945224207A4F400014BC83 /* AudioPlayer.swift */ = {isa = PBXFileReference; fileEncoding = 4; lastKnownFileType = sourcecode.swift; path = AudioPlayer.swift; sourceTree = "<group>"; };
		D8945225207A4F400014BC83 /* Recorder.swift */ = {isa = PBXFileReference; fileEncoding = 4; lastKnownFileType = sourcecode.swift; path = Recorder.swift; sourceTree = "<group>"; };
		D8945226207A4F400014BC83 /* Music.swift */ = {isa = PBXFileReference; fileEncoding = 4; lastKnownFileType = sourcecode.swift; path = Music.swift; sourceTree = "<group>"; };
		D8945228207A4F400014BC83 /* AudioWrapper.h */ = {isa = PBXFileReference; fileEncoding = 4; lastKnownFileType = sourcecode.c.h; path = AudioWrapper.h; sourceTree = "<group>"; };
		D8945229207A4F400014BC83 /* AudioWrapper.m */ = {isa = PBXFileReference; fileEncoding = 4; lastKnownFileType = sourcecode.c.objc; path = AudioWrapper.m; sourceTree = "<group>"; };
		D894522F207A4FA50014BC83 /* libmp3lame.a */ = {isa = PBXFileReference; lastKnownFileType = archive.ar; path = libmp3lame.a; sourceTree = "<group>"; };
		D8945230207A4FA50014BC83 /* lame.h */ = {isa = PBXFileReference; fileEncoding = 4; lastKnownFileType = sourcecode.c.h; path = lame.h; sourceTree = "<group>"; };
		D8945232207A51150014BC83 /* common.swift */ = {isa = PBXFileReference; lastKnownFileType = sourcecode.swift; path = common.swift; sourceTree = "<group>"; };
		D8C00B2F20736C95006ED965 /* WebViewJavaScriptBridgeFrameWork.app */ = {isa = PBXFileReference; explicitFileType = wrapper.application; includeInIndex = 0; path = WebViewJavaScriptBridgeFrameWork.app; sourceTree = BUILT_PRODUCTS_DIR; };
		D8C00B3220736C95006ED965 /* AppDelegate.swift */ = {isa = PBXFileReference; lastKnownFileType = sourcecode.swift; path = AppDelegate.swift; sourceTree = "<group>"; };
		D8C00B3420736C95006ED965 /* ViewController.swift */ = {isa = PBXFileReference; lastKnownFileType = sourcecode.swift; path = ViewController.swift; sourceTree = "<group>"; };
		D8C00B3720736C95006ED965 /* Base */ = {isa = PBXFileReference; lastKnownFileType = file.storyboard; name = Base; path = Base.lproj/Main.storyboard; sourceTree = "<group>"; };
		D8C00B3920736C95006ED965 /* Assets.xcassets */ = {isa = PBXFileReference; lastKnownFileType = folder.assetcatalog; path = Assets.xcassets; sourceTree = "<group>"; };
		D8C00B3C20736C95006ED965 /* Base */ = {isa = PBXFileReference; lastKnownFileType = file.storyboard; name = Base; path = Base.lproj/LaunchScreen.storyboard; sourceTree = "<group>"; };
		D8C00B3E20736C95006ED965 /* Info.plist */ = {isa = PBXFileReference; lastKnownFileType = text.plist.xml; path = Info.plist; sourceTree = "<group>"; };
		D8C00B4320736C95006ED965 /* WebViewJavaScriptBridgeFrameWorkTests.xctest */ = {isa = PBXFileReference; explicitFileType = wrapper.cfbundle; includeInIndex = 0; path = WebViewJavaScriptBridgeFrameWorkTests.xctest; sourceTree = BUILT_PRODUCTS_DIR; };
		D8C00B4720736C95006ED965 /* WebViewJavaScriptBridgeFrameWorkTests.swift */ = {isa = PBXFileReference; lastKnownFileType = sourcecode.swift; path = WebViewJavaScriptBridgeFrameWorkTests.swift; sourceTree = "<group>"; };
		D8C00B4920736C95006ED965 /* Info.plist */ = {isa = PBXFileReference; lastKnownFileType = text.plist.xml; path = Info.plist; sourceTree = "<group>"; };
		D8C00B4E20736C95006ED965 /* WebViewJavaScriptBridgeFrameWorkUITests.xctest */ = {isa = PBXFileReference; explicitFileType = wrapper.cfbundle; includeInIndex = 0; path = WebViewJavaScriptBridgeFrameWorkUITests.xctest; sourceTree = BUILT_PRODUCTS_DIR; };
		D8C00B5220736C95006ED965 /* WebViewJavaScriptBridgeFrameWorkUITests.swift */ = {isa = PBXFileReference; lastKnownFileType = sourcecode.swift; path = WebViewJavaScriptBridgeFrameWorkUITests.swift; sourceTree = "<group>"; };
		D8C00B5420736C95006ED965 /* Info.plist */ = {isa = PBXFileReference; lastKnownFileType = text.plist.xml; path = Info.plist; sourceTree = "<group>"; };
		D8C00B6020736CA4006ED965 /* WebViewJavaScriptBridgeFrameWork-Bridging-Header.h */ = {isa = PBXFileReference; lastKnownFileType = sourcecode.c.h; path = "WebViewJavaScriptBridgeFrameWork-Bridging-Header.h"; sourceTree = "<group>"; };
		D8C00B6620736CC3006ED965 /* WebViewJavaScriptBridgeFrameWorkBaseViewController.swift */ = {isa = PBXFileReference; fileEncoding = 4; lastKnownFileType = sourcecode.swift; path = WebViewJavaScriptBridgeFrameWorkBaseViewController.swift; sourceTree = "<group>"; };
		D8C00B6720736CC3006ED965 /* WebViewJavaScriptBridgeFrameWorkHomeViewController.swift */ = {isa = PBXFileReference; fileEncoding = 4; lastKnownFileType = sourcecode.swift; path = WebViewJavaScriptBridgeFrameWorkHomeViewController.swift; sourceTree = "<group>"; };
		D8C00B6920736CC3006ED965 /* WebViewJavascriptBridge.h */ = {isa = PBXFileReference; fileEncoding = 4; lastKnownFileType = sourcecode.c.h; path = WebViewJavascriptBridge.h; sourceTree = "<group>"; };
		D8C00B6A20736CC3006ED965 /* WebViewJavascriptBridge.m */ = {isa = PBXFileReference; fileEncoding = 4; lastKnownFileType = sourcecode.c.objc; path = WebViewJavascriptBridge.m; sourceTree = "<group>"; };
		D8C00B6B20736CC3006ED965 /* WebViewJavascriptBridge_JS.h */ = {isa = PBXFileReference; fileEncoding = 4; lastKnownFileType = sourcecode.c.h; path = WebViewJavascriptBridge_JS.h; sourceTree = "<group>"; };
		D8C00B6C20736CC3006ED965 /* WebViewJavascriptBridge_JS.m */ = {isa = PBXFileReference; fileEncoding = 4; lastKnownFileType = sourcecode.c.objc; path = WebViewJavascriptBridge_JS.m; sourceTree = "<group>"; };
		D8C00B6D20736CC3006ED965 /* WebViewJavascriptBridgeBase.h */ = {isa = PBXFileReference; fileEncoding = 4; lastKnownFileType = sourcecode.c.h; path = WebViewJavascriptBridgeBase.h; sourceTree = "<group>"; };
		D8C00B6E20736CC3006ED965 /* WebViewJavascriptBridgeBase.m */ = {isa = PBXFileReference; fileEncoding = 4; lastKnownFileType = sourcecode.c.objc; path = WebViewJavascriptBridgeBase.m; sourceTree = "<group>"; };
		D8C00B6F20736CC3006ED965 /* WKWebViewJavascriptBridge.h */ = {isa = PBXFileReference; fileEncoding = 4; lastKnownFileType = sourcecode.c.h; path = WKWebViewJavascriptBridge.h; sourceTree = "<group>"; };
		D8C00B7020736CC3006ED965 /* WKWebViewJavascriptBridge.m */ = {isa = PBXFileReference; fileEncoding = 4; lastKnownFileType = sourcecode.c.objc; path = WKWebViewJavascriptBridge.m; sourceTree = "<group>"; };
		D8C00B7720737D21006ED965 /* WebViewJavaScriptBridgeFrameWorkSubViewController.swift */ = {isa = PBXFileReference; lastKnownFileType = sourcecode.swift; path = WebViewJavaScriptBridgeFrameWorkSubViewController.swift; sourceTree = "<group>"; };
		D8F200AC207B013400A593BB /* CheckAuthStatusTool.swift */ = {isa = PBXFileReference; lastKnownFileType = sourcecode.swift; path = CheckAuthStatusTool.swift; sourceTree = "<group>"; };
/* End PBXFileReference section */

/* Begin PBXFrameworksBuildPhase section */
		D8C00B2C20736C95006ED965 /* Frameworks */ = {
			isa = PBXFrameworksBuildPhase;
			buildActionMask = 2147483647;
			files = (
				D8945231207A4FA50014BC83 /* libmp3lame.a in Frameworks */,
				D870DFDC207DB6F500CD8F9A /* Alamofire.framework in Frameworks */,
				D81F5DB4207F5D4F0057C263 /* SwiftyJSON.framework in Frameworks */,
			);
			runOnlyForDeploymentPostprocessing = 0;
		};
		D8C00B4020736C95006ED965 /* Frameworks */ = {
			isa = PBXFrameworksBuildPhase;
			buildActionMask = 2147483647;
			files = (
			);
			runOnlyForDeploymentPostprocessing = 0;
		};
		D8C00B4B20736C95006ED965 /* Frameworks */ = {
			isa = PBXFrameworksBuildPhase;
			buildActionMask = 2147483647;
			files = (
			);
			runOnlyForDeploymentPostprocessing = 0;
		};
/* End PBXFrameworksBuildPhase section */

/* Begin PBXGroup section */
		D81F5D9A207F5CC00057C263 /* Model */ = {
			isa = PBXGroup;
			children = (
			);
			path = Model;
			sourceTree = "<group>";
		};
		D81F5D9C207F5D480057C263 /* Products */ = {
			isa = PBXGroup;
			children = (
				D81F5DA7207F5D480057C263 /* SwiftyJSON.framework */,
				D81F5DA9207F5D480057C263 /* SwiftyJSON iOS Tests.xctest */,
				D81F5DAB207F5D480057C263 /* SwiftyJSON.framework */,
				D81F5DAD207F5D480057C263 /* SwiftyJSON macOS Tests.xctest */,
				D81F5DAF207F5D480057C263 /* SwiftyJSON.framework */,
				D81F5DB1207F5D480057C263 /* SwiftyJSON.framework */,
				D81F5DB3207F5D480057C263 /* SwiftyJSON tvOS Tests.xctest */,
			);
			name = Products;
			sourceTree = "<group>";
		};
		D842D78C207CBE5C00260A32 /* Resources */ = {
			isa = PBXGroup;
			children = (
				D870DFBB207DAECF00CD8F9A /* index.html */,
				D870DFAE207DAECF00CD8F9A /* static */,
				D842D7A2207CC27400260A32 /* ExampleApp.html */,
			);
			path = Resources;
			sourceTree = "<group>";
		};
		D870DFAE207DAECF00CD8F9A /* static */ = {
			isa = PBXGroup;
			children = (
				D870DFAF207DAECF00CD8F9A /* 1.mp3 */,
				D870DFB0207DAECF00CD8F9A /* css */,
				D870DFB3207DAECF00CD8F9A /* js */,
				D870DFBA207DAECF00CD8F9A /* test.mp3 */,
			);
			path = static;
			sourceTree = "<group>";
		};
		D870DFB0207DAECF00CD8F9A /* css */ = {
			isa = PBXGroup;
			children = (
				D870DFB1207DAECF00CD8F9A /* app.16099212544d1bb4422c4995bb23c599.css */,
				D870DFB2207DAECF00CD8F9A /* app.16099212544d1bb4422c4995bb23c599.css.map */,
			);
			path = css;
			sourceTree = "<group>";
		};
		D870DFB3207DAECF00CD8F9A /* js */ = {
			isa = PBXGroup;
			children = (
				D870DFB4207DAECF00CD8F9A /* app.b7a44742ac2aafd7a837.js */,
				D870DFB5207DAECF00CD8F9A /* app.b7a44742ac2aafd7a837.js.map */,
				D870DFB6207DAECF00CD8F9A /* manifest.2ae2e69a05c33dfc65f8.js */,
				D870DFB7207DAECF00CD8F9A /* manifest.2ae2e69a05c33dfc65f8.js.map */,
				D870DFB8207DAECF00CD8F9A /* vendor.3793cece39c7ec53285e.js */,
				D870DFB9207DAECF00CD8F9A /* vendor.3793cece39c7ec53285e.js.map */,
			);
			path = js;
			sourceTree = "<group>";
		};
		D870DFC4207DB6EF00CD8F9A /* Products */ = {
			isa = PBXGroup;
			children = (
				D870DFCF207DB6EF00CD8F9A /* Alamofire.framework */,
				D870DFD1207DB6EF00CD8F9A /* Alamofire iOS Tests.xctest */,
				D870DFD3207DB6EF00CD8F9A /* Alamofire.framework */,
				D870DFD5207DB6EF00CD8F9A /* Alamofire macOS Tests.xctest */,
				D870DFD7207DB6EF00CD8F9A /* Alamofire.framework */,
				D870DFD9207DB6EF00CD8F9A /* Alamofire tvOS Tests.xctest */,
				D870DFDB207DB6EF00CD8F9A /* Alamofire.framework */,
			);
			name = Products;
			sourceTree = "<group>";
		};
		D870DFE1207DB79100CD8F9A /* ViewModel */ = {
			isa = PBXGroup;
			children = (
				D870DFE2207DB7A000CD8F9A /* WebViewJavaScriptBridgeFrameWorkHomeViewModel.swift */,
			);
			path = ViewModel;
			sourceTree = "<group>";
		};
		D8945223207A4F400014BC83 /* Public */ = {
			isa = PBXGroup;
			children = (
				D8F200AC207B013400A593BB /* CheckAuthStatusTool.swift */,
				D8945232207A51150014BC83 /* common.swift */,
				D8945224207A4F400014BC83 /* AudioPlayer.swift */,
				D8945225207A4F400014BC83 /* Recorder.swift */,
				D8945226207A4F400014BC83 /* Music.swift */,
				D8945227207A4F400014BC83 /* AudioWrapper */,
				D81F5D91207F04C40057C263 /* NetWorkTool.swift */,
			);
			path = Public;
			sourceTree = "<group>";
		};
		D8945227207A4F400014BC83 /* AudioWrapper */ = {
			isa = PBXGroup;
			children = (
				D8945228207A4F400014BC83 /* AudioWrapper.h */,
				D8945229207A4F400014BC83 /* AudioWrapper.m */,
			);
			path = AudioWrapper;
			sourceTree = "<group>";
		};
		D894522E207A4FA50014BC83 /* lame */ = {
			isa = PBXGroup;
			children = (
				D894522F207A4FA50014BC83 /* libmp3lame.a */,
				D8945230207A4FA50014BC83 /* lame.h */,
			);
			name = lame;
			path = Public/lame;
			sourceTree = "<group>";
		};
		D8C00B2620736C95006ED965 = {
			isa = PBXGroup;
			children = (
				D81F5D9B207F5D480057C263 /* SwiftyJSON.xcodeproj */,
				D870DFC3207DB6EE00CD8F9A /* Alamofire.xcodeproj */,
				D8C00B3120736C95006ED965 /* WebViewJavaScriptBridgeFrameWork */,
				D8C00B4620736C95006ED965 /* WebViewJavaScriptBridgeFrameWorkTests */,
				D8C00B5120736C95006ED965 /* WebViewJavaScriptBridgeFrameWorkUITests */,
				D8C00B3020736C95006ED965 /* Products */,
			);
			sourceTree = "<group>";
		};
		D8C00B3020736C95006ED965 /* Products */ = {
			isa = PBXGroup;
			children = (
				D8C00B2F20736C95006ED965 /* WebViewJavaScriptBridgeFrameWork.app */,
				D8C00B4320736C95006ED965 /* WebViewJavaScriptBridgeFrameWorkTests.xctest */,
				D8C00B4E20736C95006ED965 /* WebViewJavaScriptBridgeFrameWorkUITests.xctest */,
			);
			name = Products;
			sourceTree = "<group>";
		};
		D8C00B3120736C95006ED965 /* WebViewJavaScriptBridgeFrameWork */ = {
			isa = PBXGroup;
			children = (
				D842D78C207CBE5C00260A32 /* Resources */,
				D894522E207A4FA50014BC83 /* lame */,
				D8945223207A4F400014BC83 /* Public */,
				D8C00B6420736CC3006ED965 /* Classes */,
				D8C00B6820736CC3006ED965 /* WebViewJavascriptBridge */,
				D8C00B3220736C95006ED965 /* AppDelegate.swift */,
				D8C00B3420736C95006ED965 /* ViewController.swift */,
				D8C00B3620736C95006ED965 /* Main.storyboard */,
				D8C00B3920736C95006ED965 /* Assets.xcassets */,
				D8C00B3B20736C95006ED965 /* LaunchScreen.storyboard */,
				D8C00B3E20736C95006ED965 /* Info.plist */,
				D8C00B6020736CA4006ED965 /* WebViewJavaScriptBridgeFrameWork-Bridging-Header.h */,
			);
			path = WebViewJavaScriptBridgeFrameWork;
			sourceTree = "<group>";
		};
		D8C00B4620736C95006ED965 /* WebViewJavaScriptBridgeFrameWorkTests */ = {
			isa = PBXGroup;
			children = (
				D8C00B4720736C95006ED965 /* WebViewJavaScriptBridgeFrameWorkTests.swift */,
				D8C00B4920736C95006ED965 /* Info.plist */,
			);
			path = WebViewJavaScriptBridgeFrameWorkTests;
			sourceTree = "<group>";
		};
		D8C00B5120736C95006ED965 /* WebViewJavaScriptBridgeFrameWorkUITests */ = {
			isa = PBXGroup;
			children = (
				D8C00B5220736C95006ED965 /* WebViewJavaScriptBridgeFrameWorkUITests.swift */,
				D8C00B5420736C95006ED965 /* Info.plist */,
			);
			path = WebViewJavaScriptBridgeFrameWorkUITests;
			sourceTree = "<group>";
		};
		D8C00B6420736CC3006ED965 /* Classes */ = {
			isa = PBXGroup;
			children = (
				D81F5D9A207F5CC00057C263 /* Model */,
				D870DFE1207DB79100CD8F9A /* ViewModel */,
				D8C00B6520736CC3006ED965 /* Controller */,
			);
			path = Classes;
			sourceTree = "<group>";
		};
		D8C00B6520736CC3006ED965 /* Controller */ = {
			isa = PBXGroup;
			children = (
				D8C00B6620736CC3006ED965 /* WebViewJavaScriptBridgeFrameWorkBaseViewController.swift */,
				D8C00B6720736CC3006ED965 /* WebViewJavaScriptBridgeFrameWorkHomeViewController.swift */,
				D8C00B7720737D21006ED965 /* WebViewJavaScriptBridgeFrameWorkSubViewController.swift */,
			);
			path = Controller;
			sourceTree = "<group>";
		};
		D8C00B6820736CC3006ED965 /* WebViewJavascriptBridge */ = {
			isa = PBXGroup;
			children = (
				D8C00B6920736CC3006ED965 /* WebViewJavascriptBridge.h */,
				D8C00B6A20736CC3006ED965 /* WebViewJavascriptBridge.m */,
				D8C00B6B20736CC3006ED965 /* WebViewJavascriptBridge_JS.h */,
				D8C00B6C20736CC3006ED965 /* WebViewJavascriptBridge_JS.m */,
				D8C00B6D20736CC3006ED965 /* WebViewJavascriptBridgeBase.h */,
				D8C00B6E20736CC3006ED965 /* WebViewJavascriptBridgeBase.m */,
				D8C00B6F20736CC3006ED965 /* WKWebViewJavascriptBridge.h */,
				D8C00B7020736CC3006ED965 /* WKWebViewJavascriptBridge.m */,
			);
			path = WebViewJavascriptBridge;
			sourceTree = "<group>";
		};
/* End PBXGroup section */

/* Begin PBXNativeTarget section */
		D8C00B2E20736C95006ED965 /* WebViewJavaScriptBridgeFrameWork */ = {
			isa = PBXNativeTarget;
			buildConfigurationList = D8C00B5720736C95006ED965 /* Build configuration list for PBXNativeTarget "WebViewJavaScriptBridgeFrameWork" */;
			buildPhases = (
				D8C00B2B20736C95006ED965 /* Sources */,
				D8C00B2C20736C95006ED965 /* Frameworks */,
				D8C00B2D20736C95006ED965 /* Resources */,
				D870DFE0207DB6F600CD8F9A /* Embed Frameworks */,
			);
			buildRules = (
			);
			dependencies = (
				D870DFDF207DB6F600CD8F9A /* PBXTargetDependency */,
				D81F5DB7207F5D4F0057C263 /* PBXTargetDependency */,
			);
			name = WebViewJavaScriptBridgeFrameWork;
			productName = WebViewJavaScriptBridgeFrameWork;
			productReference = D8C00B2F20736C95006ED965 /* WebViewJavaScriptBridgeFrameWork.app */;
			productType = "com.apple.product-type.application";
		};
		D8C00B4220736C95006ED965 /* WebViewJavaScriptBridgeFrameWorkTests */ = {
			isa = PBXNativeTarget;
			buildConfigurationList = D8C00B5A20736C95006ED965 /* Build configuration list for PBXNativeTarget "WebViewJavaScriptBridgeFrameWorkTests" */;
			buildPhases = (
				D8C00B3F20736C95006ED965 /* Sources */,
				D8C00B4020736C95006ED965 /* Frameworks */,
				D8C00B4120736C95006ED965 /* Resources */,
			);
			buildRules = (
			);
			dependencies = (
				D8C00B4520736C95006ED965 /* PBXTargetDependency */,
			);
			name = WebViewJavaScriptBridgeFrameWorkTests;
			productName = WebViewJavaScriptBridgeFrameWorkTests;
			productReference = D8C00B4320736C95006ED965 /* WebViewJavaScriptBridgeFrameWorkTests.xctest */;
			productType = "com.apple.product-type.bundle.unit-test";
		};
		D8C00B4D20736C95006ED965 /* WebViewJavaScriptBridgeFrameWorkUITests */ = {
			isa = PBXNativeTarget;
			buildConfigurationList = D8C00B5D20736C95006ED965 /* Build configuration list for PBXNativeTarget "WebViewJavaScriptBridgeFrameWorkUITests" */;
			buildPhases = (
				D8C00B4A20736C95006ED965 /* Sources */,
				D8C00B4B20736C95006ED965 /* Frameworks */,
				D8C00B4C20736C95006ED965 /* Resources */,
			);
			buildRules = (
			);
			dependencies = (
				D8C00B5020736C95006ED965 /* PBXTargetDependency */,
			);
			name = WebViewJavaScriptBridgeFrameWorkUITests;
			productName = WebViewJavaScriptBridgeFrameWorkUITests;
			productReference = D8C00B4E20736C95006ED965 /* WebViewJavaScriptBridgeFrameWorkUITests.xctest */;
			productType = "com.apple.product-type.bundle.ui-testing";
		};
/* End PBXNativeTarget section */

/* Begin PBXProject section */
		D8C00B2720736C95006ED965 /* Project object */ = {
			isa = PBXProject;
			attributes = {
				LastSwiftUpdateCheck = 0920;
				LastUpgradeCheck = 0920;
				ORGANIZATIONNAME = "Hongyear Information Technology (Shanghai) Co.,Ltd.";
				TargetAttributes = {
					D8C00B2E20736C95006ED965 = {
						CreatedOnToolsVersion = 9.2;
						LastSwiftMigration = 0920;
						ProvisioningStyle = Automatic;
					};
					D8C00B4220736C95006ED965 = {
						CreatedOnToolsVersion = 9.2;
						ProvisioningStyle = Automatic;
						TestTargetID = D8C00B2E20736C95006ED965;
					};
					D8C00B4D20736C95006ED965 = {
						CreatedOnToolsVersion = 9.2;
						ProvisioningStyle = Automatic;
						TestTargetID = D8C00B2E20736C95006ED965;
					};
				};
			};
			buildConfigurationList = D8C00B2A20736C95006ED965 /* Build configuration list for PBXProject "WebViewJavaScriptBridgeFrameWork" */;
			compatibilityVersion = "Xcode 8.0";
			developmentRegion = en;
			hasScannedForEncodings = 0;
			knownRegions = (
				en,
				Base,
			);
			mainGroup = D8C00B2620736C95006ED965;
			productRefGroup = D8C00B3020736C95006ED965 /* Products */;
			projectDirPath = "";
			projectReferences = (
				{
					ProductGroup = D870DFC4207DB6EF00CD8F9A /* Products */;
					ProjectRef = D870DFC3207DB6EE00CD8F9A /* Alamofire.xcodeproj */;
				},
				{
					ProductGroup = D81F5D9C207F5D480057C263 /* Products */;
					ProjectRef = D81F5D9B207F5D480057C263 /* SwiftyJSON.xcodeproj */;
				},
			);
			projectRoot = "";
			targets = (
				D8C00B2E20736C95006ED965 /* WebViewJavaScriptBridgeFrameWork */,
				D8C00B4220736C95006ED965 /* WebViewJavaScriptBridgeFrameWorkTests */,
				D8C00B4D20736C95006ED965 /* WebViewJavaScriptBridgeFrameWorkUITests */,
			);
		};
/* End PBXProject section */

/* Begin PBXReferenceProxy section */
		D81F5DA7207F5D480057C263 /* SwiftyJSON.framework */ = {
			isa = PBXReferenceProxy;
			fileType = wrapper.framework;
			path = SwiftyJSON.framework;
			remoteRef = D81F5DA6207F5D480057C263 /* PBXContainerItemProxy */;
			sourceTree = BUILT_PRODUCTS_DIR;
		};
		D81F5DA9207F5D480057C263 /* SwiftyJSON iOS Tests.xctest */ = {
			isa = PBXReferenceProxy;
			fileType = wrapper.cfbundle;
			path = "SwiftyJSON iOS Tests.xctest";
			remoteRef = D81F5DA8207F5D480057C263 /* PBXContainerItemProxy */;
			sourceTree = BUILT_PRODUCTS_DIR;
		};
		D81F5DAB207F5D480057C263 /* SwiftyJSON.framework */ = {
			isa = PBXReferenceProxy;
			fileType = wrapper.framework;
			path = SwiftyJSON.framework;
			remoteRef = D81F5DAA207F5D480057C263 /* PBXContainerItemProxy */;
			sourceTree = BUILT_PRODUCTS_DIR;
		};
		D81F5DAD207F5D480057C263 /* SwiftyJSON macOS Tests.xctest */ = {
			isa = PBXReferenceProxy;
			fileType = wrapper.cfbundle;
			path = "SwiftyJSON macOS Tests.xctest";
			remoteRef = D81F5DAC207F5D480057C263 /* PBXContainerItemProxy */;
			sourceTree = BUILT_PRODUCTS_DIR;
		};
		D81F5DAF207F5D480057C263 /* SwiftyJSON.framework */ = {
			isa = PBXReferenceProxy;
			fileType = wrapper.framework;
			path = SwiftyJSON.framework;
			remoteRef = D81F5DAE207F5D480057C263 /* PBXContainerItemProxy */;
			sourceTree = BUILT_PRODUCTS_DIR;
		};
		D81F5DB1207F5D480057C263 /* SwiftyJSON.framework */ = {
			isa = PBXReferenceProxy;
			fileType = wrapper.framework;
			path = SwiftyJSON.framework;
			remoteRef = D81F5DB0207F5D480057C263 /* PBXContainerItemProxy */;
			sourceTree = BUILT_PRODUCTS_DIR;
		};
		D81F5DB3207F5D480057C263 /* SwiftyJSON tvOS Tests.xctest */ = {
			isa = PBXReferenceProxy;
			fileType = wrapper.cfbundle;
			path = "SwiftyJSON tvOS Tests.xctest";
			remoteRef = D81F5DB2207F5D480057C263 /* PBXContainerItemProxy */;
			sourceTree = BUILT_PRODUCTS_DIR;
		};
		D870DFCF207DB6EF00CD8F9A /* Alamofire.framework */ = {
			isa = PBXReferenceProxy;
			fileType = wrapper.framework;
			path = Alamofire.framework;
			remoteRef = D870DFCE207DB6EF00CD8F9A /* PBXContainerItemProxy */;
			sourceTree = BUILT_PRODUCTS_DIR;
		};
		D870DFD1207DB6EF00CD8F9A /* Alamofire iOS Tests.xctest */ = {
			isa = PBXReferenceProxy;
			fileType = wrapper.cfbundle;
			path = "Alamofire iOS Tests.xctest";
			remoteRef = D870DFD0207DB6EF00CD8F9A /* PBXContainerItemProxy */;
			sourceTree = BUILT_PRODUCTS_DIR;
		};
		D870DFD3207DB6EF00CD8F9A /* Alamofire.framework */ = {
			isa = PBXReferenceProxy;
			fileType = wrapper.framework;
			path = Alamofire.framework;
			remoteRef = D870DFD2207DB6EF00CD8F9A /* PBXContainerItemProxy */;
			sourceTree = BUILT_PRODUCTS_DIR;
		};
		D870DFD5207DB6EF00CD8F9A /* Alamofire macOS Tests.xctest */ = {
			isa = PBXReferenceProxy;
			fileType = wrapper.cfbundle;
			path = "Alamofire macOS Tests.xctest";
			remoteRef = D870DFD4207DB6EF00CD8F9A /* PBXContainerItemProxy */;
			sourceTree = BUILT_PRODUCTS_DIR;
		};
		D870DFD7207DB6EF00CD8F9A /* Alamofire.framework */ = {
			isa = PBXReferenceProxy;
			fileType = wrapper.framework;
			path = Alamofire.framework;
			remoteRef = D870DFD6207DB6EF00CD8F9A /* PBXContainerItemProxy */;
			sourceTree = BUILT_PRODUCTS_DIR;
		};
		D870DFD9207DB6EF00CD8F9A /* Alamofire tvOS Tests.xctest */ = {
			isa = PBXReferenceProxy;
			fileType = wrapper.cfbundle;
			path = "Alamofire tvOS Tests.xctest";
			remoteRef = D870DFD8207DB6EF00CD8F9A /* PBXContainerItemProxy */;
			sourceTree = BUILT_PRODUCTS_DIR;
		};
		D870DFDB207DB6EF00CD8F9A /* Alamofire.framework */ = {
			isa = PBXReferenceProxy;
			fileType = wrapper.framework;
			path = Alamofire.framework;
			remoteRef = D870DFDA207DB6EF00CD8F9A /* PBXContainerItemProxy */;
			sourceTree = BUILT_PRODUCTS_DIR;
		};
/* End PBXReferenceProxy section */

/* Begin PBXResourcesBuildPhase section */
		D8C00B2D20736C95006ED965 /* Resources */ = {
			isa = PBXResourcesBuildPhase;
			buildActionMask = 2147483647;
			files = (
				D8C00B3D20736C95006ED965 /* LaunchScreen.storyboard in Resources */,
				D870DFC2207DAECF00CD8F9A /* index.html in Resources */,
				D8C00B3A20736C95006ED965 /* Assets.xcassets in Resources */,
				D842D7A3207CC27400260A32 /* ExampleApp.html in Resources */,
				D870DFBE207DAECF00CD8F9A /* app.b7a44742ac2aafd7a837.js in Resources */,
				D870DFBD207DAECF00CD8F9A /* app.16099212544d1bb4422c4995bb23c599.css in Resources */,
				D8C00B3820736C95006ED965 /* Main.storyboard in Resources */,
				D870DFC1207DAECF00CD8F9A /* test.mp3 in Resources */,
				D870DFC0207DAECF00CD8F9A /* vendor.3793cece39c7ec53285e.js in Resources */,
				D870DFBF207DAECF00CD8F9A /* manifest.2ae2e69a05c33dfc65f8.js in Resources */,
				D870DFBC207DAECF00CD8F9A /* 1.mp3 in Resources */,
			);
			runOnlyForDeploymentPostprocessing = 0;
		};
		D8C00B4120736C95006ED965 /* Resources */ = {
			isa = PBXResourcesBuildPhase;
			buildActionMask = 2147483647;
			files = (
			);
			runOnlyForDeploymentPostprocessing = 0;
		};
		D8C00B4C20736C95006ED965 /* Resources */ = {
			isa = PBXResourcesBuildPhase;
			buildActionMask = 2147483647;
			files = (
			);
			runOnlyForDeploymentPostprocessing = 0;
		};
/* End PBXResourcesBuildPhase section */

/* Begin PBXSourcesBuildPhase section */
		D8C00B2B20736C95006ED965 /* Sources */ = {
			isa = PBXSourcesBuildPhase;
			buildActionMask = 2147483647;
			files = (
				D8945233207A51150014BC83 /* common.swift in Sources */,
				D8F200AD207B013400A593BB /* CheckAuthStatusTool.swift in Sources */,
				D8C00B3520736C95006ED965 /* ViewController.swift in Sources */,
				D8C00B7820737D21006ED965 /* WebViewJavaScriptBridgeFrameWorkSubViewController.swift in Sources */,
				D8C00B3320736C95006ED965 /* AppDelegate.swift in Sources */,
				D894522B207A4F400014BC83 /* Recorder.swift in Sources */,
				D8C00B7420736CC3006ED965 /* WebViewJavascriptBridge_JS.m in Sources */,
				D8C00B7220736CC3006ED965 /* WebViewJavaScriptBridgeFrameWorkHomeViewController.swift in Sources */,
				D894522D207A4F400014BC83 /* AudioWrapper.m in Sources */,
				D8C00B7520736CC3006ED965 /* WebViewJavascriptBridgeBase.m in Sources */,
				D8C00B7620736CC3006ED965 /* WKWebViewJavascriptBridge.m in Sources */,
				D894522A207A4F400014BC83 /* AudioPlayer.swift in Sources */,
				D8C00B7120736CC3006ED965 /* WebViewJavaScriptBridgeFrameWorkBaseViewController.swift in Sources */,
				D81F5D92207F04C40057C263 /* NetWorkTool.swift in Sources */,
				D8C00B7320736CC3006ED965 /* WebViewJavascriptBridge.m in Sources */,
				D870DFE3207DB7A000CD8F9A /* WebViewJavaScriptBridgeFrameWorkHomeViewModel.swift in Sources */,
				D894522C207A4F400014BC83 /* Music.swift in Sources */,
			);
			runOnlyForDeploymentPostprocessing = 0;
		};
		D8C00B3F20736C95006ED965 /* Sources */ = {
			isa = PBXSourcesBuildPhase;
			buildActionMask = 2147483647;
			files = (
				D8C00B4820736C95006ED965 /* WebViewJavaScriptBridgeFrameWorkTests.swift in Sources */,
			);
			runOnlyForDeploymentPostprocessing = 0;
		};
		D8C00B4A20736C95006ED965 /* Sources */ = {
			isa = PBXSourcesBuildPhase;
			buildActionMask = 2147483647;
			files = (
				D8C00B5320736C95006ED965 /* WebViewJavaScriptBridgeFrameWorkUITests.swift in Sources */,
			);
			runOnlyForDeploymentPostprocessing = 0;
		};
/* End PBXSourcesBuildPhase section */

/* Begin PBXTargetDependency section */
		D81F5DB7207F5D4F0057C263 /* PBXTargetDependency */ = {
			isa = PBXTargetDependency;
			name = "SwiftyJSON iOS";
			targetProxy = D81F5DB6207F5D4F0057C263 /* PBXContainerItemProxy */;
		};
		D870DFDF207DB6F600CD8F9A /* PBXTargetDependency */ = {
			isa = PBXTargetDependency;
			name = "Alamofire iOS";
			targetProxy = D870DFDE207DB6F600CD8F9A /* PBXContainerItemProxy */;
		};
		D8C00B4520736C95006ED965 /* PBXTargetDependency */ = {
			isa = PBXTargetDependency;
			target = D8C00B2E20736C95006ED965 /* WebViewJavaScriptBridgeFrameWork */;
			targetProxy = D8C00B4420736C95006ED965 /* PBXContainerItemProxy */;
		};
		D8C00B5020736C95006ED965 /* PBXTargetDependency */ = {
			isa = PBXTargetDependency;
			target = D8C00B2E20736C95006ED965 /* WebViewJavaScriptBridgeFrameWork */;
			targetProxy = D8C00B4F20736C95006ED965 /* PBXContainerItemProxy */;
		};
/* End PBXTargetDependency section */

/* Begin PBXVariantGroup section */
		D8C00B3620736C95006ED965 /* Main.storyboard */ = {
			isa = PBXVariantGroup;
			children = (
				D8C00B3720736C95006ED965 /* Base */,
			);
			name = Main.storyboard;
			sourceTree = "<group>";
		};
		D8C00B3B20736C95006ED965 /* LaunchScreen.storyboard */ = {
			isa = PBXVariantGroup;
			children = (
				D8C00B3C20736C95006ED965 /* Base */,
			);
			name = LaunchScreen.storyboard;
			sourceTree = "<group>";
		};
/* End PBXVariantGroup section */

/* Begin XCBuildConfiguration section */
		D8C00B5520736C95006ED965 /* Debug */ = {
			isa = XCBuildConfiguration;
			buildSettings = {
				ALWAYS_SEARCH_USER_PATHS = NO;
				CLANG_ANALYZER_NONNULL = YES;
				CLANG_ANALYZER_NUMBER_OBJECT_CONVERSION = YES_AGGRESSIVE;
				CLANG_CXX_LANGUAGE_STANDARD = "gnu++14";
				CLANG_CXX_LIBRARY = "libc++";
				CLANG_ENABLE_MODULES = YES;
				CLANG_ENABLE_OBJC_ARC = YES;
				CLANG_WARN_BLOCK_CAPTURE_AUTORELEASING = YES;
				CLANG_WARN_BOOL_CONVERSION = YES;
				CLANG_WARN_COMMA = YES;
				CLANG_WARN_CONSTANT_CONVERSION = YES;
				CLANG_WARN_DIRECT_OBJC_ISA_USAGE = YES_ERROR;
				CLANG_WARN_DOCUMENTATION_COMMENTS = YES;
				CLANG_WARN_EMPTY_BODY = YES;
				CLANG_WARN_ENUM_CONVERSION = YES;
				CLANG_WARN_INFINITE_RECURSION = YES;
				CLANG_WARN_INT_CONVERSION = YES;
				CLANG_WARN_NON_LITERAL_NULL_CONVERSION = YES;
				CLANG_WARN_OBJC_LITERAL_CONVERSION = YES;
				CLANG_WARN_OBJC_ROOT_CLASS = YES_ERROR;
				CLANG_WARN_RANGE_LOOP_ANALYSIS = YES;
				CLANG_WARN_STRICT_PROTOTYPES = YES;
				CLANG_WARN_SUSPICIOUS_MOVE = YES;
				CLANG_WARN_UNGUARDED_AVAILABILITY = YES_AGGRESSIVE;
				CLANG_WARN_UNREACHABLE_CODE = YES;
				CLANG_WARN__DUPLICATE_METHOD_MATCH = YES;
				CODE_SIGN_IDENTITY = "iPhone Developer";
				COPY_PHASE_STRIP = NO;
				DEBUG_INFORMATION_FORMAT = dwarf;
				ENABLE_STRICT_OBJC_MSGSEND = YES;
				ENABLE_TESTABILITY = YES;
				GCC_C_LANGUAGE_STANDARD = gnu11;
				GCC_DYNAMIC_NO_PIC = NO;
				GCC_NO_COMMON_BLOCKS = YES;
				GCC_OPTIMIZATION_LEVEL = 0;
				GCC_PREPROCESSOR_DEFINITIONS = (
					"DEBUG=1",
					"$(inherited)",
				);
				GCC_WARN_64_TO_32_BIT_CONVERSION = YES;
				GCC_WARN_ABOUT_RETURN_TYPE = YES_ERROR;
				GCC_WARN_UNDECLARED_SELECTOR = YES;
				GCC_WARN_UNINITIALIZED_AUTOS = YES_AGGRESSIVE;
				GCC_WARN_UNUSED_FUNCTION = YES;
				GCC_WARN_UNUSED_VARIABLE = YES;
				IPHONEOS_DEPLOYMENT_TARGET = 11.2;
				MTL_ENABLE_DEBUG_INFO = YES;
				ONLY_ACTIVE_ARCH = YES;
				SDKROOT = iphoneos;
				SWIFT_ACTIVE_COMPILATION_CONDITIONS = DEBUG;
				SWIFT_OPTIMIZATION_LEVEL = "-Onone";
			};
			name = Debug;
		};
		D8C00B5620736C95006ED965 /* Release */ = {
			isa = XCBuildConfiguration;
			buildSettings = {
				ALWAYS_SEARCH_USER_PATHS = NO;
				CLANG_ANALYZER_NONNULL = YES;
				CLANG_ANALYZER_NUMBER_OBJECT_CONVERSION = YES_AGGRESSIVE;
				CLANG_CXX_LANGUAGE_STANDARD = "gnu++14";
				CLANG_CXX_LIBRARY = "libc++";
				CLANG_ENABLE_MODULES = YES;
				CLANG_ENABLE_OBJC_ARC = YES;
				CLANG_WARN_BLOCK_CAPTURE_AUTORELEASING = YES;
				CLANG_WARN_BOOL_CONVERSION = YES;
				CLANG_WARN_COMMA = YES;
				CLANG_WARN_CONSTANT_CONVERSION = YES;
				CLANG_WARN_DIRECT_OBJC_ISA_USAGE = YES_ERROR;
				CLANG_WARN_DOCUMENTATION_COMMENTS = YES;
				CLANG_WARN_EMPTY_BODY = YES;
				CLANG_WARN_ENUM_CONVERSION = YES;
				CLANG_WARN_INFINITE_RECURSION = YES;
				CLANG_WARN_INT_CONVERSION = YES;
				CLANG_WARN_NON_LITERAL_NULL_CONVERSION = YES;
				CLANG_WARN_OBJC_LITERAL_CONVERSION = YES;
				CLANG_WARN_OBJC_ROOT_CLASS = YES_ERROR;
				CLANG_WARN_RANGE_LOOP_ANALYSIS = YES;
				CLANG_WARN_STRICT_PROTOTYPES = YES;
				CLANG_WARN_SUSPICIOUS_MOVE = YES;
				CLANG_WARN_UNGUARDED_AVAILABILITY = YES_AGGRESSIVE;
				CLANG_WARN_UNREACHABLE_CODE = YES;
				CLANG_WARN__DUPLICATE_METHOD_MATCH = YES;
				CODE_SIGN_IDENTITY = "iPhone Developer";
				COPY_PHASE_STRIP = NO;
				DEBUG_INFORMATION_FORMAT = "dwarf-with-dsym";
				ENABLE_NS_ASSERTIONS = NO;
				ENABLE_STRICT_OBJC_MSGSEND = YES;
				GCC_C_LANGUAGE_STANDARD = gnu11;
				GCC_NO_COMMON_BLOCKS = YES;
				GCC_WARN_64_TO_32_BIT_CONVERSION = YES;
				GCC_WARN_ABOUT_RETURN_TYPE = YES_ERROR;
				GCC_WARN_UNDECLARED_SELECTOR = YES;
				GCC_WARN_UNINITIALIZED_AUTOS = YES_AGGRESSIVE;
				GCC_WARN_UNUSED_FUNCTION = YES;
				GCC_WARN_UNUSED_VARIABLE = YES;
				IPHONEOS_DEPLOYMENT_TARGET = 11.2;
				MTL_ENABLE_DEBUG_INFO = NO;
				SDKROOT = iphoneos;
				SWIFT_OPTIMIZATION_LEVEL = "-Owholemodule";
				VALIDATE_PRODUCT = YES;
			};
			name = Release;
		};
		D8C00B5820736C95006ED965 /* Debug */ = {
			isa = XCBuildConfiguration;
			buildSettings = {
				ALWAYS_EMBED_SWIFT_STANDARD_LIBRARIES = YES;
				ASSETCATALOG_COMPILER_APPICON_NAME = AppIcon;
				CLANG_ENABLE_MODULES = YES;
				"CODE_SIGN_IDENTITY[sdk=iphoneos*]" = "iPhone Developer";
				CODE_SIGN_STYLE = Automatic;
				DEVELOPMENT_TEAM = WF3TH68XDZ;
				ENABLE_BITCODE = NO;
				INFOPLIST_FILE = WebViewJavaScriptBridgeFrameWork/Info.plist;
				IPHONEOS_DEPLOYMENT_TARGET = 9.0;
				LD_RUNPATH_SEARCH_PATHS = "$(inherited) @executable_path/Frameworks";
				LIBRARY_SEARCH_PATHS = (
					"$(inherited)",
					"$(PROJECT_DIR)/WebViewJavaScriptBridgeFrameWork/Public/lame",
				);
				PRODUCT_BUNDLE_IDENTIFIER = com.zzj.WebViewJavaScriptBridgeFrameWork;
				PRODUCT_NAME = "$(TARGET_NAME)";
				PROVISIONING_PROFILE = "";
				PROVISIONING_PROFILE_SPECIFIER = "";
				SWIFT_OBJC_BRIDGING_HEADER = "WebViewJavaScriptBridgeFrameWork/WebViewJavaScriptBridgeFrameWork-Bridging-Header.h";
				SWIFT_OPTIMIZATION_LEVEL = "-Onone";
				SWIFT_VERSION = 4.0;
				TARGETED_DEVICE_FAMILY = "1,2";
			};
			name = Debug;
		};
		D8C00B5920736C95006ED965 /* Release */ = {
			isa = XCBuildConfiguration;
			buildSettings = {
				ALWAYS_EMBED_SWIFT_STANDARD_LIBRARIES = YES;
				ASSETCATALOG_COMPILER_APPICON_NAME = AppIcon;
				CLANG_ENABLE_MODULES = YES;
				"CODE_SIGN_IDENTITY[sdk=iphoneos*]" = "iPhone Developer";
				CODE_SIGN_STYLE = Automatic;
				DEVELOPMENT_TEAM = WF3TH68XDZ;
				ENABLE_BITCODE = NO;
				INFOPLIST_FILE = WebViewJavaScriptBridgeFrameWork/Info.plist;
				IPHONEOS_DEPLOYMENT_TARGET = 9.0;
				LD_RUNPATH_SEARCH_PATHS = "$(inherited) @executable_path/Frameworks";
				LIBRARY_SEARCH_PATHS = (
					"$(inherited)",
					"$(PROJECT_DIR)/WebViewJavaScriptBridgeFrameWork/Public/lame",
				);
				PRODUCT_BUNDLE_IDENTIFIER = com.zzj.WebViewJavaScriptBridgeFrameWork;
				PRODUCT_NAME = "$(TARGET_NAME)";
				PROVISIONING_PROFILE = "";
				PROVISIONING_PROFILE_SPECIFIER = "";
				SWIFT_OBJC_BRIDGING_HEADER = "WebViewJavaScriptBridgeFrameWork/WebViewJavaScriptBridgeFrameWork-Bridging-Header.h";
				SWIFT_VERSION = 4.0;
				TARGETED_DEVICE_FAMILY = "1,2";
			};
			name = Release;
		};
		D8C00B5B20736C95006ED965 /* Debug */ = {
			isa = XCBuildConfiguration;
			buildSettings = {
				ALWAYS_EMBED_SWIFT_STANDARD_LIBRARIES = YES;
				BUNDLE_LOADER = "$(TEST_HOST)";
				CODE_SIGN_STYLE = Automatic;
				INFOPLIST_FILE = WebViewJavaScriptBridgeFrameWorkTests/Info.plist;
				LD_RUNPATH_SEARCH_PATHS = "$(inherited) @executable_path/Frameworks @loader_path/Frameworks";
				PRODUCT_BUNDLE_IDENTIFIER = com.zzj.WebViewJavaScriptBridgeFrameWorkTests;
				PRODUCT_NAME = "$(TARGET_NAME)";
				SWIFT_VERSION = 4.0;
				TARGETED_DEVICE_FAMILY = "1,2";
				TEST_HOST = "$(BUILT_PRODUCTS_DIR)/WebViewJavaScriptBridgeFrameWork.app/WebViewJavaScriptBridgeFrameWork";
			};
			name = Debug;
		};
		D8C00B5C20736C95006ED965 /* Release */ = {
			isa = XCBuildConfiguration;
			buildSettings = {
				ALWAYS_EMBED_SWIFT_STANDARD_LIBRARIES = YES;
				BUNDLE_LOADER = "$(TEST_HOST)";
				CODE_SIGN_STYLE = Automatic;
				INFOPLIST_FILE = WebViewJavaScriptBridgeFrameWorkTests/Info.plist;
				LD_RUNPATH_SEARCH_PATHS = "$(inherited) @executable_path/Frameworks @loader_path/Frameworks";
				PRODUCT_BUNDLE_IDENTIFIER = com.zzj.WebViewJavaScriptBridgeFrameWorkTests;
				PRODUCT_NAME = "$(TARGET_NAME)";
				SWIFT_VERSION = 4.0;
				TARGETED_DEVICE_FAMILY = "1,2";
				TEST_HOST = "$(BUILT_PRODUCTS_DIR)/WebViewJavaScriptBridgeFrameWork.app/WebViewJavaScriptBridgeFrameWork";
			};
			name = Release;
		};
		D8C00B5E20736C95006ED965 /* Debug */ = {
			isa = XCBuildConfiguration;
			buildSettings = {
				ALWAYS_EMBED_SWIFT_STANDARD_LIBRARIES = YES;
				CODE_SIGN_STYLE = Automatic;
				INFOPLIST_FILE = WebViewJavaScriptBridgeFrameWorkUITests/Info.plist;
				LD_RUNPATH_SEARCH_PATHS = "$(inherited) @executable_path/Frameworks @loader_path/Frameworks";
				PRODUCT_BUNDLE_IDENTIFIER = com.zzj.WebViewJavaScriptBridgeFrameWorkUITests;
				PRODUCT_NAME = "$(TARGET_NAME)";
				SWIFT_VERSION = 4.0;
				TARGETED_DEVICE_FAMILY = "1,2";
				TEST_TARGET_NAME = WebViewJavaScriptBridgeFrameWork;
			};
			name = Debug;
		};
		D8C00B5F20736C95006ED965 /* Release */ = {
			isa = XCBuildConfiguration;
			buildSettings = {
				ALWAYS_EMBED_SWIFT_STANDARD_LIBRARIES = YES;
				CODE_SIGN_STYLE = Automatic;
				INFOPLIST_FILE = WebViewJavaScriptBridgeFrameWorkUITests/Info.plist;
				LD_RUNPATH_SEARCH_PATHS = "$(inherited) @executable_path/Frameworks @loader_path/Frameworks";
				PRODUCT_BUNDLE_IDENTIFIER = com.zzj.WebViewJavaScriptBridgeFrameWorkUITests;
				PRODUCT_NAME = "$(TARGET_NAME)";
				SWIFT_VERSION = 4.0;
				TARGETED_DEVICE_FAMILY = "1,2";
				TEST_TARGET_NAME = WebViewJavaScriptBridgeFrameWork;
			};
			name = Release;
		};
/* End XCBuildConfiguration section */

/* Begin XCConfigurationList section */
		D8C00B2A20736C95006ED965 /* Build configuration list for PBXProject "WebViewJavaScriptBridgeFrameWork" */ = {
			isa = XCConfigurationList;
			buildConfigurations = (
				D8C00B5520736C95006ED965 /* Debug */,
				D8C00B5620736C95006ED965 /* Release */,
			);
			defaultConfigurationIsVisible = 0;
			defaultConfigurationName = Release;
		};
		D8C00B5720736C95006ED965 /* Build configuration list for PBXNativeTarget "WebViewJavaScriptBridgeFrameWork" */ = {
			isa = XCConfigurationList;
			buildConfigurations = (
				D8C00B5820736C95006ED965 /* Debug */,
				D8C00B5920736C95006ED965 /* Release */,
			);
			defaultConfigurationIsVisible = 0;
			defaultConfigurationName = Release;
		};
		D8C00B5A20736C95006ED965 /* Build configuration list for PBXNativeTarget "WebViewJavaScriptBridgeFrameWorkTests" */ = {
			isa = XCConfigurationList;
			buildConfigurations = (
				D8C00B5B20736C95006ED965 /* Debug */,
				D8C00B5C20736C95006ED965 /* Release */,
			);
			defaultConfigurationIsVisible = 0;
			defaultConfigurationName = Release;
		};
		D8C00B5D20736C95006ED965 /* Build configuration list for PBXNativeTarget "WebViewJavaScriptBridgeFrameWorkUITests" */ = {
			isa = XCConfigurationList;
			buildConfigurations = (
				D8C00B5E20736C95006ED965 /* Debug */,
				D8C00B5F20736C95006ED965 /* Release */,
			);
			defaultConfigurationIsVisible = 0;
			defaultConfigurationName = Release;
		};
/* End XCConfigurationList section */
	};
	rootObject = D8C00B2720736C95006ED965 /* Project object */;
}
